# This file is generated by running "yarn install" inside your project.
# Manual changes might be lost - proceed with caution!

__metadata:
  version: 5
  cacheKey: 8

"@antongolub/lockfile@workspace:.":
  version: 0.0.0-use.local
  resolution: "@antongolub/lockfile@workspace:."
  dependencies:
    "@semrel-extra/topo": ^1.14.0
    "@types/js-yaml": ^4.0.8
    "@types/node": ^20.8.10
    "@types/semver": ^7.5.4
    esbuild: ^0.19.5
    esbuild-node-externals: ^1.9.0
    js-yaml: ^4.1.0
    semver: ^7.5.4
    tsm: ^2.3.0
    typescript: ^5.2.2
    uvu: ^0.5.6
  languageName: unknown
  linkType: soft

"@esbuild/android-arm64@npm:0.19.5":
  version: 0.19.5
  resolution: "@esbuild/android-arm64@npm:0.19.5"
  conditions: os=android & cpu=arm64
  languageName: node
  linkType: hard

"@esbuild/android-arm@npm:0.15.18":
  version: 0.15.18
  resolution: "@esbuild/android-arm@npm:0.15.18"
  conditions: os=android & cpu=arm
  languageName: node
  linkType: hard

"@esbuild/android-arm@npm:0.19.5":
  version: 0.19.5
  resolution: "@esbuild/android-arm@npm:0.19.5"
  conditions: os=android & cpu=arm
  languageName: node
  linkType: hard

"@esbuild/android-x64@npm:0.19.5":
  version: 0.19.5
  resolution: "@esbuild/android-x64@npm:0.19.5"
  conditions: os=android & cpu=x64
  languageName: node
  linkType: hard

"@esbuild/darwin-arm64@npm:0.19.5":
  version: 0.19.5
  resolution: "@esbuild/darwin-arm64@npm:0.19.5"
  conditions: os=darwin & cpu=arm64
  languageName: node
  linkType: hard

"@esbuild/darwin-x64@npm:0.19.5":
  version: 0.19.5
  resolution: "@esbuild/darwin-x64@npm:0.19.5"
  conditions: os=darwin & cpu=x64
  languageName: node
  linkType: hard

"@esbuild/freebsd-arm64@npm:0.19.5":
  version: 0.19.5
  resolution: "@esbuild/freebsd-arm64@npm:0.19.5"
  conditions: os=freebsd & cpu=arm64
  languageName: node
  linkType: hard

"@esbuild/freebsd-x64@npm:0.19.5":
  version: 0.19.5
  resolution: "@esbuild/freebsd-x64@npm:0.19.5"
  conditions: os=freebsd & cpu=x64
  languageName: node
  linkType: hard

"@esbuild/linux-arm64@npm:0.19.5":
  version: 0.19.5
  resolution: "@esbuild/linux-arm64@npm:0.19.5"
  conditions: os=linux & cpu=arm64
  languageName: node
  linkType: hard

"@esbuild/linux-arm@npm:0.19.5":
  version: 0.19.5
  resolution: "@esbuild/linux-arm@npm:0.19.5"
  conditions: os=linux & cpu=arm
  languageName: node
  linkType: hard

"@esbuild/linux-ia32@npm:0.19.5":
  version: 0.19.5
  resolution: "@esbuild/linux-ia32@npm:0.19.5"
  conditions: os=linux & cpu=ia32
  languageName: node
  linkType: hard

"@esbuild/linux-loong64@npm:0.15.18":
  version: 0.15.18
  resolution: "@esbuild/linux-loong64@npm:0.15.18"
  conditions: os=linux & cpu=loong64
  languageName: node
  linkType: hard

"@esbuild/linux-loong64@npm:0.19.5":
  version: 0.19.5
  resolution: "@esbuild/linux-loong64@npm:0.19.5"
  conditions: os=linux & cpu=loong64
  languageName: node
  linkType: hard

"@esbuild/linux-mips64el@npm:0.19.5":
  version: 0.19.5
  resolution: "@esbuild/linux-mips64el@npm:0.19.5"
  conditions: os=linux & cpu=mips64el
  languageName: node
  linkType: hard

"@esbuild/linux-ppc64@npm:0.19.5":
  version: 0.19.5
  resolution: "@esbuild/linux-ppc64@npm:0.19.5"
  conditions: os=linux & cpu=ppc64
  languageName: node
  linkType: hard

"@esbuild/linux-riscv64@npm:0.19.5":
  version: 0.19.5
  resolution: "@esbuild/linux-riscv64@npm:0.19.5"
  conditions: os=linux & cpu=riscv64
  languageName: node
  linkType: hard

"@esbuild/linux-s390x@npm:0.19.5":
  version: 0.19.5
  resolution: "@esbuild/linux-s390x@npm:0.19.5"
  conditions: os=linux & cpu=s390x
  languageName: node
  linkType: hard

"@esbuild/linux-x64@npm:0.19.5":
  version: 0.19.5
  resolution: "@esbuild/linux-x64@npm:0.19.5"
  conditions: os=linux & cpu=x64
  languageName: node
  linkType: hard

"@esbuild/netbsd-x64@npm:0.19.5":
  version: 0.19.5
  resolution: "@esbuild/netbsd-x64@npm:0.19.5"
  conditions: os=netbsd & cpu=x64
  languageName: node
  linkType: hard

"@esbuild/openbsd-x64@npm:0.19.5":
  version: 0.19.5
  resolution: "@esbuild/openbsd-x64@npm:0.19.5"
  conditions: os=openbsd & cpu=x64
  languageName: node
  linkType: hard

"@esbuild/sunos-x64@npm:0.19.5":
  version: 0.19.5
  resolution: "@esbuild/sunos-x64@npm:0.19.5"
  conditions: os=sunos & cpu=x64
  languageName: node
  linkType: hard

"@esbuild/win32-arm64@npm:0.19.5":
  version: 0.19.5
  resolution: "@esbuild/win32-arm64@npm:0.19.5"
  conditions: os=win32 & cpu=arm64
  languageName: node
  linkType: hard

"@esbuild/win32-ia32@npm:0.19.5":
  version: 0.19.5
  resolution: "@esbuild/win32-ia32@npm:0.19.5"
  conditions: os=win32 & cpu=ia32
  languageName: node
  linkType: hard

"@esbuild/win32-x64@npm:0.19.5":
  version: 0.19.5
  resolution: "@esbuild/win32-x64@npm:0.19.5"
  conditions: os=win32 & cpu=x64
  languageName: node
  linkType: hard

"@nodelib/fs.scandir@npm:2.1.5":
  version: 2.1.5
  resolution: "@nodelib/fs.scandir@npm:2.1.5"
  dependencies:
    "@nodelib/fs.stat": 2.0.5
    run-parallel: ^1.1.9
  checksum: a970d595bd23c66c880e0ef1817791432dbb7acbb8d44b7e7d0e7a22f4521260d4a83f7f9fd61d44fda4610105577f8f58a60718105fb38352baed612fd79e59
  languageName: node
  linkType: hard

"@nodelib/fs.stat@npm:2.0.5, @nodelib/fs.stat@npm:^2.0.2":
  version: 2.0.5
  resolution: "@nodelib/fs.stat@npm:2.0.5"
  checksum: 012480b5ca9d97bff9261571dbbec7bbc6033f69cc92908bc1ecfad0792361a5a1994bc48674b9ef76419d056a03efadfce5a6cf6dbc0a36559571a7a483f6f0
  languageName: node
  linkType: hard

"@nodelib/fs.walk@npm:^1.2.3":
  version: 1.2.8
  resolution: "@nodelib/fs.walk@npm:1.2.8"
  dependencies:
    "@nodelib/fs.scandir": 2.1.5
    fastq: ^1.6.0
  checksum: 190c643f156d8f8f277bf2a6078af1ffde1fd43f498f187c2db24d35b4b4b5785c02c7dc52e356497b9a1b65b13edc996de08de0b961c32844364da02986dc53
  languageName: node
  linkType: hard

"@semrel-extra/topo@npm:^1.14.0":
  version: 1.14.0
  resolution: "@semrel-extra/topo@npm:1.14.0"
  dependencies:
    fast-glob: ^3.3.1
    js-yaml: ^4.1.0
    toposource: ^1.1.4
  checksum: ff768060005e284e2df30c63d3f8b9529a08ea51cd6a11f80eaa25e7216ead22f5c04cecc655ce4cd502df130e6676291433a1f83ea11934231ff96892262108
  languageName: node
  linkType: hard

"@types/js-yaml@npm:^4.0.8":
  version: 4.0.8
  resolution: "@types/js-yaml@npm:4.0.8"
  checksum: a5a77a5a1eac7e7fb667156c251c2b947ca4ddfdda570726369dd50bd5b2b1d0da2d0fb4273d1b10aa1782406d7b3da8923d957df4fb89dbfa1db06f43297de2
  languageName: node
  linkType: hard

"@types/node@npm:^20.8.10":
  version: 20.8.10
  resolution: "@types/node@npm:20.8.10"
  dependencies:
    undici-types: ~5.26.4
  checksum: 7c61190e43e8074a1b571e52ff14c880bc67a0447f2fe5ed0e1a023eb8a23d5f815658edb98890f7578afe0f090433c4a635c7c87311762544e20dd78723e515
  languageName: node
  linkType: hard

"@types/semver@npm:^7.5.4":
  version: 7.5.4
  resolution: "@types/semver@npm:7.5.4"
  checksum: 120c0189f6fec5f2d12d0d71ac8a4cfa952dc17fa3d842e8afddb82bba8828a4052f8799c1653e2b47ae1977435f38e8985658fde971905ce5afb8e23ee97ecf
  languageName: node
  linkType: hard

"argparse@npm:^2.0.1":
  version: 2.0.1
  resolution: "argparse@npm:2.0.1"
  checksum: 83644b56493e89a254bae05702abf3a1101b4fa4d0ca31df1c9985275a5a5bd47b3c27b7fa0b71098d41114d8ca000e6ed90cad764b306f8a503665e4d517ced
  languageName: node
  linkType: hard

"braces@npm:^3.0.2":
  version: 3.0.2
  resolution: "braces@npm:3.0.2"
  dependencies:
    fill-range: ^7.0.1
  checksum: e2a8e769a863f3d4ee887b5fe21f63193a891c68b612ddb4b68d82d1b5f3ff9073af066c343e9867a393fe4c2555dcb33e89b937195feb9c1613d259edfcd459
  languageName: node
  linkType: hard

"dequal@npm:^2.0.0":
  version: 2.0.3
  resolution: "dequal@npm:2.0.3"
  checksum: 8679b850e1a3d0ebbc46ee780d5df7b478c23f335887464023a631d1b9af051ad4a6595a44220f9ff8ff95a8ddccf019b5ad778a976fd7bbf77383d36f412f90
  languageName: node
  linkType: hard

"diff@npm:^5.0.0":
  version: 5.1.0
  resolution: "diff@npm:5.1.0"
  checksum: c7bf0df7c9bfbe1cf8a678fd1b2137c4fb11be117a67bc18a0e03ae75105e8533dbfb1cda6b46beb3586ef5aed22143ef9d70713977d5fb1f9114e21455fba90
  languageName: node
  linkType: hard

"esbuild-android-64@npm:0.15.18":
  version: 0.15.18
  resolution: "esbuild-android-64@npm:0.15.18"
  conditions: os=android & cpu=x64
  languageName: node
  linkType: hard

"esbuild-android-arm64@npm:0.15.18":
  version: 0.15.18
  resolution: "esbuild-android-arm64@npm:0.15.18"
  conditions: os=android & cpu=arm64
  languageName: node
  linkType: hard

"esbuild-darwin-64@npm:0.15.18":
  version: 0.15.18
  resolution: "esbuild-darwin-64@npm:0.15.18"
  conditions: os=darwin & cpu=x64
  languageName: node
  linkType: hard

"esbuild-darwin-arm64@npm:0.15.18":
  version: 0.15.18
  resolution: "esbuild-darwin-arm64@npm:0.15.18"
  conditions: os=darwin & cpu=arm64
  languageName: node
  linkType: hard

"esbuild-freebsd-64@npm:0.15.18":
  version: 0.15.18
  resolution: "esbuild-freebsd-64@npm:0.15.18"
  conditions: os=freebsd & cpu=x64
  languageName: node
  linkType: hard

"esbuild-freebsd-arm64@npm:0.15.18":
  version: 0.15.18
  resolution: "esbuild-freebsd-arm64@npm:0.15.18"
  conditions: os=freebsd & cpu=arm64
  languageName: node
  linkType: hard

"esbuild-linux-32@npm:0.15.18":
  version: 0.15.18
  resolution: "esbuild-linux-32@npm:0.15.18"
  conditions: os=linux & cpu=ia32
  languageName: node
  linkType: hard

"esbuild-linux-64@npm:0.15.18":
  version: 0.15.18
  resolution: "esbuild-linux-64@npm:0.15.18"
  conditions: os=linux & cpu=x64
  languageName: node
  linkType: hard

"esbuild-linux-arm64@npm:0.15.18":
  version: 0.15.18
  resolution: "esbuild-linux-arm64@npm:0.15.18"
  conditions: os=linux & cpu=arm64
  languageName: node
  linkType: hard

"esbuild-linux-arm@npm:0.15.18":
  version: 0.15.18
  resolution: "esbuild-linux-arm@npm:0.15.18"
  conditions: os=linux & cpu=arm
  languageName: node
  linkType: hard

"esbuild-linux-mips64le@npm:0.15.18":
  version: 0.15.18
  resolution: "esbuild-linux-mips64le@npm:0.15.18"
  conditions: os=linux & cpu=mips64el
  languageName: node
  linkType: hard

"esbuild-linux-ppc64le@npm:0.15.18":
  version: 0.15.18
  resolution: "esbuild-linux-ppc64le@npm:0.15.18"
  conditions: os=linux & cpu=ppc64
  languageName: node
  linkType: hard

"esbuild-linux-riscv64@npm:0.15.18":
  version: 0.15.18
  resolution: "esbuild-linux-riscv64@npm:0.15.18"
  conditions: os=linux & cpu=riscv64
  languageName: node
  linkType: hard

"esbuild-linux-s390x@npm:0.15.18":
  version: 0.15.18
  resolution: "esbuild-linux-s390x@npm:0.15.18"
  conditions: os=linux & cpu=s390x
  languageName: node
  linkType: hard

"esbuild-netbsd-64@npm:0.15.18":
  version: 0.15.18
  resolution: "esbuild-netbsd-64@npm:0.15.18"
  conditions: os=netbsd & cpu=x64
  languageName: node
  linkType: hard

"esbuild-node-externals@npm:^1.9.0":
  version: 1.9.0
  resolution: "esbuild-node-externals@npm:1.9.0"
  dependencies:
    find-up: ^5.0.0
    tslib: ^2.4.1
  peerDependencies:
    esbuild: 0.12 - 0.19
  checksum: 15c0adba29c57eb54cf7640efc1c8b9bbef555eb09eb6927dc9aa6617b84ec161a42797f8d716771254314c6bedd16f7359598de2788aa9b36f3e02f501ee982
  languageName: node
  linkType: hard

"esbuild-openbsd-64@npm:0.15.18":
  version: 0.15.18
  resolution: "esbuild-openbsd-64@npm:0.15.18"
  conditions: os=openbsd & cpu=x64
  languageName: node
  linkType: hard

"esbuild-sunos-64@npm:0.15.18":
  version: 0.15.18
  resolution: "esbuild-sunos-64@npm:0.15.18"
  conditions: os=sunos & cpu=x64
  languageName: node
  linkType: hard

"esbuild-windows-32@npm:0.15.18":
  version: 0.15.18
  resolution: "esbuild-windows-32@npm:0.15.18"
  conditions: os=win32 & cpu=ia32
  languageName: node
  linkType: hard

"esbuild-windows-64@npm:0.15.18":
  version: 0.15.18
  resolution: "esbuild-windows-64@npm:0.15.18"
  conditions: os=win32 & cpu=x64
  languageName: node
  linkType: hard

"esbuild-windows-arm64@npm:0.15.18":
  version: 0.15.18
  resolution: "esbuild-windows-arm64@npm:0.15.18"
  conditions: os=win32 & cpu=arm64
  languageName: node
  linkType: hard

"esbuild@npm:^0.15.16":
  version: 0.15.18
  resolution: "esbuild@npm:0.15.18"
  dependencies:
    "@esbuild/android-arm": 0.15.18
    "@esbuild/linux-loong64": 0.15.18
    esbuild-android-64: 0.15.18
    esbuild-android-arm64: 0.15.18
    esbuild-darwin-64: 0.15.18
    esbuild-darwin-arm64: 0.15.18
    esbuild-freebsd-64: 0.15.18
    esbuild-freebsd-arm64: 0.15.18
    esbuild-linux-32: 0.15.18
    esbuild-linux-64: 0.15.18
    esbuild-linux-arm: 0.15.18
    esbuild-linux-arm64: 0.15.18
    esbuild-linux-mips64le: 0.15.18
    esbuild-linux-ppc64le: 0.15.18
    esbuild-linux-riscv64: 0.15.18
    esbuild-linux-s390x: 0.15.18
    esbuild-netbsd-64: 0.15.18
    esbuild-openbsd-64: 0.15.18
    esbuild-sunos-64: 0.15.18
    esbuild-windows-32: 0.15.18
    esbuild-windows-64: 0.15.18
    esbuild-windows-arm64: 0.15.18
  dependenciesMeta:
    "@esbuild/android-arm":
      optional: true
    "@esbuild/linux-loong64":
      optional: true
    esbuild-android-64:
      optional: true
    esbuild-android-arm64:
      optional: true
    esbuild-darwin-64:
      optional: true
    esbuild-darwin-arm64:
      optional: true
    esbuild-freebsd-64:
      optional: true
    esbuild-freebsd-arm64:
      optional: true
    esbuild-linux-32:
      optional: true
    esbuild-linux-64:
      optional: true
    esbuild-linux-arm:
      optional: true
    esbuild-linux-arm64:
      optional: true
    esbuild-linux-mips64le:
      optional: true
    esbuild-linux-ppc64le:
      optional: true
    esbuild-linux-riscv64:
      optional: true
    esbuild-linux-s390x:
      optional: true
    esbuild-netbsd-64:
      optional: true
    esbuild-openbsd-64:
      optional: true
    esbuild-sunos-64:
      optional: true
    esbuild-windows-32:
      optional: true
    esbuild-windows-64:
      optional: true
    esbuild-windows-arm64:
      optional: true
  bin:
    esbuild: bin/esbuild
  checksum: ec12682b2cb2d4f0669d0e555028b87a9284ca7f6a1b26e35e69a8697165b35cc682ad598abc70f0bbcfdc12ca84ef888caf5ceee389237862e8f8c17da85f89
  languageName: node
  linkType: hard

"esbuild@npm:^0.19.5":
  version: 0.19.5
  resolution: "esbuild@npm:0.19.5"
  dependencies:
    "@esbuild/android-arm": 0.19.5
    "@esbuild/android-arm64": 0.19.5
    "@esbuild/android-x64": 0.19.5
    "@esbuild/darwin-arm64": 0.19.5
    "@esbuild/darwin-x64": 0.19.5
    "@esbuild/freebsd-arm64": 0.19.5
    "@esbuild/freebsd-x64": 0.19.5
    "@esbuild/linux-arm": 0.19.5
    "@esbuild/linux-arm64": 0.19.5
    "@esbuild/linux-ia32": 0.19.5
    "@esbuild/linux-loong64": 0.19.5
    "@esbuild/linux-mips64el": 0.19.5
    "@esbuild/linux-ppc64": 0.19.5
    "@esbuild/linux-riscv64": 0.19.5
    "@esbuild/linux-s390x": 0.19.5
    "@esbuild/linux-x64": 0.19.5
    "@esbuild/netbsd-x64": 0.19.5
    "@esbuild/openbsd-x64": 0.19.5
    "@esbuild/sunos-x64": 0.19.5
    "@esbuild/win32-arm64": 0.19.5
    "@esbuild/win32-ia32": 0.19.5
    "@esbuild/win32-x64": 0.19.5
  dependenciesMeta:
    "@esbuild/android-arm":
      optional: true
    "@esbuild/android-arm64":
      optional: true
    "@esbuild/android-x64":
      optional: true
    "@esbuild/darwin-arm64":
      optional: true
    "@esbuild/darwin-x64":
      optional: true
    "@esbuild/freebsd-arm64":
      optional: true
    "@esbuild/freebsd-x64":
      optional: true
    "@esbuild/linux-arm":
      optional: true
    "@esbuild/linux-arm64":
      optional: true
    "@esbuild/linux-ia32":
      optional: true
    "@esbuild/linux-loong64":
      optional: true
    "@esbuild/linux-mips64el":
      optional: true
    "@esbuild/linux-ppc64":
      optional: true
    "@esbuild/linux-riscv64":
      optional: true
    "@esbuild/linux-s390x":
      optional: true
    "@esbuild/linux-x64":
      optional: true
    "@esbuild/netbsd-x64":
      optional: true
    "@esbuild/openbsd-x64":
      optional: true
    "@esbuild/sunos-x64":
      optional: true
    "@esbuild/win32-arm64":
      optional: true
    "@esbuild/win32-ia32":
      optional: true
    "@esbuild/win32-x64":
      optional: true
  bin:
    esbuild: bin/esbuild
  checksum: 5a0227cf6ffffa3076714d88230af1dfdd2fc363d91bd712a81fb91230c315a395e2c9b7588eee62986aeebf4999804b9b1b59eeab8e2457184eb0056bfe20c8
  languageName: node
  linkType: hard

"fast-glob@npm:^3.3.1":
  version: 3.3.1
  resolution: "fast-glob@npm:3.3.1"
  dependencies:
    "@nodelib/fs.stat": ^2.0.2
    "@nodelib/fs.walk": ^1.2.3
    glob-parent: ^5.1.2
    merge2: ^1.3.0
    micromatch: ^4.0.4
  checksum: b6f3add6403e02cf3a798bfbb1183d0f6da2afd368f27456010c0bc1f9640aea308243d4cb2c0ab142f618276e65ecb8be1661d7c62a7b4e5ba774b9ce5432e5
  languageName: node
  linkType: hard

"fastq@npm:^1.6.0":
  version: 1.15.0
  resolution: "fastq@npm:1.15.0"
  dependencies:
    reusify: ^1.0.4
  checksum: 0170e6bfcd5d57a70412440b8ef600da6de3b2a6c5966aeaf0a852d542daff506a0ee92d6de7679d1de82e644bce69d7a574a6c93f0b03964b5337eed75ada1a
  languageName: node
  linkType: hard

"fill-range@npm:^7.0.1":
  version: 7.0.1
  resolution: "fill-range@npm:7.0.1"
  dependencies:
    to-regex-range: ^5.0.1
  checksum: cc283f4e65b504259e64fd969bcf4def4eb08d85565e906b7d36516e87819db52029a76b6363d0f02d0d532f0033c9603b9e2d943d56ee3b0d4f7ad3328ff917
  languageName: node
  linkType: hard

"find-up@npm:^5.0.0":
  version: 5.0.0
  resolution: "find-up@npm:5.0.0"
  dependencies:
    locate-path: ^6.0.0
    path-exists: ^4.0.0
  checksum: 07955e357348f34660bde7920783204ff5a26ac2cafcaa28bace494027158a97b9f56faaf2d89a6106211a8174db650dd9f503f9c0d526b1202d5554a00b9095
  languageName: node
  linkType: hard

"glob-parent@npm:^5.1.2":
  version: 5.1.2
  resolution: "glob-parent@npm:5.1.2"
  dependencies:
    is-glob: ^4.0.1
  checksum: f4f2bfe2425296e8a47e36864e4f42be38a996db40420fe434565e4480e3322f18eb37589617a98640c5dc8fdec1a387007ee18dbb1f3f5553409c34d17f425e
  languageName: node
  linkType: hard

"is-extglob@npm:^2.1.1":
  version: 2.1.1
  resolution: "is-extglob@npm:2.1.1"
  checksum: df033653d06d0eb567461e58a7a8c9f940bd8c22274b94bf7671ab36df5719791aae15eef6d83bbb5e23283967f2f984b8914559d4449efda578c775c4be6f85
  languageName: node
  linkType: hard

"is-glob@npm:^4.0.1":
  version: 4.0.3
  resolution: "is-glob@npm:4.0.3"
  dependencies:
    is-extglob: ^2.1.1
  checksum: d381c1319fcb69d341cc6e6c7cd588e17cd94722d9a32dbd60660b993c4fb7d0f19438674e68dfec686d09b7c73139c9166b47597f846af387450224a8101ab4
  languageName: node
  linkType: hard

"is-number@npm:^7.0.0":
  version: 7.0.0
  resolution: "is-number@npm:7.0.0"
  checksum: 456ac6f8e0f3111ed34668a624e45315201dff921e5ac181f8ec24923b99e9f32ca1a194912dc79d539c97d33dba17dc635202ff0b2cf98326f608323276d27a
  languageName: node
  linkType: hard

"js-yaml@npm:^4.1.0":
  version: 4.1.0
  resolution: "js-yaml@npm:4.1.0"
  dependencies:
    argparse: ^2.0.1
  bin:
    js-yaml: bin/js-yaml.js
  checksum: c7830dfd456c3ef2c6e355cc5a92e6700ceafa1d14bba54497b34a99f0376cecbb3e9ac14d3e5849b426d5a5140709a66237a8c991c675431271c4ce5504151a
  languageName: node
  linkType: hard

"kleur@npm:^4.0.3":
  version: 4.1.5
  resolution: "kleur@npm:4.1.5"
  checksum: 1dc476e32741acf0b1b5b0627ffd0d722e342c1b0da14de3e8ae97821327ca08f9fb944542fb3c126d90ac5f27f9d804edbe7c585bf7d12ef495d115e0f22c12
  languageName: node
  linkType: hard

"locate-path@npm:^6.0.0":
  version: 6.0.0
  resolution: "locate-path@npm:6.0.0"
  dependencies:
    p-locate: ^5.0.0
  checksum: 72eb661788a0368c099a184c59d2fee760b3831c9c1c33955e8a19ae4a21b4116e53fa736dc086cdeb9fce9f7cc508f2f92d2d3aae516f133e16a2bb59a39f5a
  languageName: node
  linkType: hard

"lru-cache@npm:^6.0.0":
  version: 6.0.0
  resolution: "lru-cache@npm:6.0.0"
  dependencies:
    yallist: ^4.0.0
  checksum: f97f499f898f23e4585742138a22f22526254fdba6d75d41a1c2526b3b6cc5747ef59c5612ba7375f42aca4f8461950e925ba08c991ead0651b4918b7c978297
  languageName: node
  linkType: hard

"merge2@npm:^1.3.0":
  version: 1.4.1
  resolution: "merge2@npm:1.4.1"
  checksum: 7268db63ed5169466540b6fb947aec313200bcf6d40c5ab722c22e242f651994619bcd85601602972d3c85bd2cc45a358a4c61937e9f11a061919a1da569b0c2
  languageName: node
  linkType: hard

"micromatch@npm:^4.0.4":
  version: 4.0.5
  resolution: "micromatch@npm:4.0.5"
  dependencies:
    braces: ^3.0.2
    picomatch: ^2.3.1
  checksum: 02a17b671c06e8fefeeb6ef996119c1e597c942e632a21ef589154f23898c9c6a9858526246abb14f8bca6e77734aa9dcf65476fca47cedfb80d9577d52843fc
  languageName: node
  linkType: hard

"mri@npm:^1.1.0":
  version: 1.2.0
  resolution: "mri@npm:1.2.0"
  checksum: 83f515abbcff60150873e424894a2f65d68037e5a7fcde8a9e2b285ee9c13ac581b63cfc1e6826c4732de3aeb84902f7c1e16b7aff46cd3f897a0f757a894e85
  languageName: node
  linkType: hard

"p-limit@npm:^3.0.2":
  version: 3.1.0
  resolution: "p-limit@npm:3.1.0"
  dependencies:
    yocto-queue: ^0.1.0
  checksum: 7c3690c4dbf62ef625671e20b7bdf1cbc9534e83352a2780f165b0d3ceba21907e77ad63401708145ca4e25bfc51636588d89a8c0aeb715e6c37d1c066430360
  languageName: node
  linkType: hard

"p-locate@npm:^5.0.0":
  version: 5.0.0
  resolution: "p-locate@npm:5.0.0"
  dependencies:
    p-limit: ^3.0.2
  checksum: 1623088f36cf1cbca58e9b61c4e62bf0c60a07af5ae1ca99a720837356b5b6c5ba3eb1b2127e47a06865fee59dd0453cad7cc844cda9d5a62ac1a5a51b7c86d3
  languageName: node
  linkType: hard

"path-exists@npm:^4.0.0":
  version: 4.0.0
  resolution: "path-exists@npm:4.0.0"
  checksum: 505807199dfb7c50737b057dd8d351b82c033029ab94cb10a657609e00c1bc53b951cfdbccab8de04c5584d5eff31128ce6afd3db79281874a5ef2adbba55ed1
  languageName: node
  linkType: hard

"picomatch@npm:^2.3.1":
  version: 2.3.1
  resolution: "picomatch@npm:2.3.1"
  checksum: 050c865ce81119c4822c45d3c84f1ced46f93a0126febae20737bd05ca20589c564d6e9226977df859ed5e03dc73f02584a2b0faad36e896936238238b0446cf
  languageName: node
  linkType: hard

"queue-microtask@npm:^1.2.2":
  version: 1.2.3
  resolution: "queue-microtask@npm:1.2.3"
  checksum: b676f8c040cdc5b12723ad2f91414d267605b26419d5c821ff03befa817ddd10e238d22b25d604920340fd73efd8ba795465a0377c4adf45a4a41e4234e42dc4
  languageName: node
  linkType: hard

"reusify@npm:^1.0.4":
  version: 1.0.4
  resolution: "reusify@npm:1.0.4"
  checksum: c3076ebcc22a6bc252cb0b9c77561795256c22b757f40c0d8110b1300723f15ec0fc8685e8d4ea6d7666f36c79ccc793b1939c748bf36f18f542744a4e379fcc
  languageName: node
  linkType: hard

"run-parallel@npm:^1.1.9":
  version: 1.2.0
  resolution: "run-parallel@npm:1.2.0"
  dependencies:
    queue-microtask: ^1.2.2
  checksum: cb4f97ad25a75ebc11a8ef4e33bb962f8af8516bb2001082ceabd8902e15b98f4b84b4f8a9b222e5d57fc3bd1379c483886ed4619367a7680dad65316993021d
  languageName: node
  linkType: hard

"sade@npm:^1.7.3":
  version: 1.8.1
  resolution: "sade@npm:1.8.1"
  dependencies:
    mri: ^1.1.0
  checksum: 0756e5b04c51ccdc8221ebffd1548d0ce5a783a44a0fa9017a026659b97d632913e78f7dca59f2496aa996a0be0b0c322afd87ca72ccd909406f49dbffa0f45d
  languageName: node
  linkType: hard

"semver@npm:^7.5.4":
  version: 7.5.4
  resolution: "semver@npm:7.5.4"
  dependencies:
    lru-cache: ^6.0.0
  bin:
    semver: bin/semver.js
  checksum: 12d8ad952fa353b0995bf180cdac205a4068b759a140e5d3c608317098b3575ac2f1e09182206bf2eb26120e1c0ed8fb92c48c592f6099680de56bb071423ca3
  languageName: node
  linkType: hard

"to-regex-range@npm:^5.0.1":
  version: 5.0.1
  resolution: "to-regex-range@npm:5.0.1"
  dependencies:
    is-number: ^7.0.0
  checksum: f76fa01b3d5be85db6a2a143e24df9f60dd047d151062d0ba3df62953f2f697b16fe5dad9b0ac6191c7efc7b1d9dcaa4b768174b7b29da89d4428e64bc0a20ed
  languageName: node
  linkType: hard

"toposource@npm:^1.1.4":
  version: 1.1.4
  resolution: "toposource@npm:1.1.4"
  checksum: 64e5df7c76c63a22e4e90bd4da4e85aa251cfd22d68c71bd9279cdab3b88c16c5a48f5459fb5acca26e3ae8ca52fd568ea020bcc7ff888eec94f0e70130b09f6
  languageName: node
  linkType: hard

"tslib@npm:^2.4.1":
  version: 2.5.3
  resolution: "tslib@npm:2.5.3"
  checksum: 88902b309afaf83259131c1e13da1dceb0ad1682a213143a1346a649143924d78cf3760c448b84d796938fd76127183894f8d85cbb3bf9c4fddbfcc140c0003c
  languageName: node
  linkType: hard

"tsm@npm:^2.3.0":
  version: 2.3.0
  resolution: "tsm@npm:2.3.0"
  dependencies:
    esbuild: ^0.15.16
  bin:
    tsm: bin.js
  checksum: 595e3185d962c53a9d3f2ecf762e847fce0c8261208c0059ee9c46f931effc2c4b44d1c7265bfc8c7d8fab2435f909f90ee4ebc80da58df7b1280f41c6fcaca1
  languageName: node
  linkType: hard

"typescript@npm:^5.2.2":
  version: 5.2.2
  resolution: "typescript@npm:5.2.2"
  bin:
    tsc: bin/tsc
    tsserver: bin/tsserver
  checksum: 7912821dac4d962d315c36800fe387cdc0a6298dba7ec171b350b4a6e988b51d7b8f051317786db1094bd7431d526b648aba7da8236607febb26cf5b871d2d3c
  languageName: node
  linkType: hard

"typescript@patch:typescript@^5.2.2#~builtin<compat/typescript>":
  version: 5.2.2
  resolution: "typescript@patch:typescript@npm%3A5.2.2#~builtin<compat/typescript>::version=5.2.2&hash=493e53"
  bin:
    tsc: bin/tsc
    tsserver: bin/tsserver
  checksum: 07106822b4305de3f22835cbba949a2b35451cad50888759b6818421290ff95d522b38ef7919e70fb381c5fe9c1c643d7dea22c8b31652a717ddbd57b7f4d554
  languageName: node
  linkType: hard

"undici-types@npm:~5.26.4":
  version: 5.26.5
  resolution: "undici-types@npm:5.26.5"
  checksum: 3192ef6f3fd5df652f2dc1cd782b49d6ff14dc98e5dced492aa8a8c65425227da5da6aafe22523c67f035a272c599bb89cfe803c1db6311e44bed3042fc25487
  languageName: node
  linkType: hard

"uvu@npm:^0.5.6":
  version: 0.5.6
  resolution: "uvu@npm:0.5.6"
  dependencies:
    dequal: ^2.0.0
    diff: ^5.0.0
    kleur: ^4.0.3
    sade: ^1.7.3
  bin:
    uvu: bin.js
  checksum: 09460a37975627de9fcad396e5078fb844d01aaf64a6399ebfcfd9e55f1c2037539b47611e8631f89be07656962af0cf48c334993db82b9ae9c3d25ce3862168
  languageName: node
  linkType: hard

"yallist@npm:^4.0.0":
  version: 4.0.0
  resolution: "yallist@npm:4.0.0"
  checksum: 343617202af32df2a15a3be36a5a8c0c8545208f3d3dfbc6bb7c3e3b7e8c6f8e7485432e4f3b88da3031a6e20afa7c711eded32ddfb122896ac5d914e75848d5
  languageName: node
  linkType: hard

"yocto-queue@npm:^0.1.0":
  version: 0.1.0
  resolution: "yocto-queue@npm:0.1.0"
  checksum: f77b3d8d00310def622123df93d4ee654fc6a0096182af8bd60679ddcdfb3474c56c6c7190817c84a2785648cdee9d721c0154eb45698c62176c322fb46fc700
  languageName: node
  linkType: hard
