# This file is generated by running "yarn install" inside your project.
# Manual changes might be lost - proceed with caution!

__metadata:
  version: 5
  cacheKey: 8

"@antongolub/lockfile@workspace:.":
  version: 0.0.0-use.local
  resolution: "@antongolub/lockfile@workspace:."
  dependencies:
    "@types/js-yaml": ^4.0.5
    esbuild: ^0.15.12
    esbuild-node-externals: ^1.5.0
    js-yaml: ^4.1.0
    tsc-esm-fix: ^2.20.5
    tsm: ^2.2.2
    typescript: ^4.8.4
    uvu: ^0.5.6
  languageName: unknown
  linkType: soft

"@babel/code-frame@npm:^7.0.0":
  version: 7.16.0
  resolution: "@babel/code-frame@npm:7.16.0"
  dependencies:
    "@babel/highlight": ^7.16.0
  checksum: 8961d0302ec6b8c2e9751a11e06a17617425359fd1645e4dae56a90a03464c68a0916115100fbcd030961870313f21865d0b85858360a2c68aabdda744393607
  languageName: node
  linkType: hard

"@babel/helper-validator-identifier@npm:^7.15.7":
  version: 7.15.7
  resolution: "@babel/helper-validator-identifier@npm:7.15.7"
  checksum: f041c28c531d1add5cc345b25d5df3c29c62bce3205b4d4a93dcd164ccf630350acba252d374fad8f5d8ea526995a215829f27183ba7ce7ce141843bf23068a6
  languageName: node
  linkType: hard

"@babel/highlight@npm:^7.16.0":
  version: 7.16.0
  resolution: "@babel/highlight@npm:7.16.0"
  dependencies:
    "@babel/helper-validator-identifier": ^7.15.7
    chalk: ^2.0.0
    js-tokens: ^4.0.0
  checksum: abf244c48fcff20ec87830e8b99c776f4dcdd9138e63decc195719a94148da35339639e0d8045eb9d1f3e67a39ab90a9c3f5ce2d579fb1a0368d911ddf29b4e5
  languageName: node
  linkType: hard

"@esbuild/android-arm@npm:0.15.12":
  version: 0.15.12
  resolution: "@esbuild/android-arm@npm:0.15.12"
  conditions: os=android & cpu=arm
  languageName: node
  linkType: hard

"@esbuild/linux-loong64@npm:0.15.12":
  version: 0.15.12
  resolution: "@esbuild/linux-loong64@npm:0.15.12"
  conditions: os=linux & cpu=loong64
  languageName: node
  linkType: hard

"@nodelib/fs.scandir@npm:2.1.5":
  version: 2.1.5
  resolution: "@nodelib/fs.scandir@npm:2.1.5"
  dependencies:
    "@nodelib/fs.stat": 2.0.5
    run-parallel: ^1.1.9
  checksum: a970d595bd23c66c880e0ef1817791432dbb7acbb8d44b7e7d0e7a22f4521260d4a83f7f9fd61d44fda4610105577f8f58a60718105fb38352baed612fd79e59
  languageName: node
  linkType: hard

"@nodelib/fs.stat@npm:2.0.5, @nodelib/fs.stat@npm:^2.0.2":
  version: 2.0.5
  resolution: "@nodelib/fs.stat@npm:2.0.5"
  checksum: 012480b5ca9d97bff9261571dbbec7bbc6033f69cc92908bc1ecfad0792361a5a1994bc48674b9ef76419d056a03efadfce5a6cf6dbc0a36559571a7a483f6f0
  languageName: node
  linkType: hard

"@nodelib/fs.walk@npm:^1.2.3":
  version: 1.2.8
  resolution: "@nodelib/fs.walk@npm:1.2.8"
  dependencies:
    "@nodelib/fs.scandir": 2.1.5
    fastq: ^1.6.0
  checksum: 190c643f156d8f8f277bf2a6078af1ffde1fd43f498f187c2db24d35b4b4b5785c02c7dc52e356497b9a1b65b13edc996de08de0b961c32844364da02986dc53
  languageName: node
  linkType: hard

"@types/fs-extra@npm:^9.0.13":
  version: 9.0.13
  resolution: "@types/fs-extra@npm:9.0.13"
  dependencies:
    "@types/node": "*"
  checksum: add79e212acd5ac76b97b9045834e03a7996aef60a814185e0459088fd290519a3c1620865d588fa36c4498bf614210d2a703af5cf80aa1dbc125db78f6edac3
  languageName: node
  linkType: hard

"@types/js-yaml@npm:^4.0.5":
  version: 4.0.5
  resolution: "@types/js-yaml@npm:4.0.5"
  checksum: 7dcac8c50fec31643cc9d6444b5503239a861414cdfaa7ae9a38bc22597c4d850c4b8cec3d82d73b3fbca408348ce223b0408d598b32e094470dfffc6d486b4d
  languageName: node
  linkType: hard

"@types/minimist@npm:^1.2.2":
  version: 1.2.2
  resolution: "@types/minimist@npm:1.2.2"
  checksum: b8da83c66eb4aac0440e64674b19564d9d86c80ae273144db9681e5eeff66f238ade9515f5006ffbfa955ceff8b89ad2bd8ec577d7caee74ba101431fb07045d
  languageName: node
  linkType: hard

"@types/node@npm:*":
  version: 16.11.11
  resolution: "@types/node@npm:16.11.11"
  checksum: 1c472bd63f23ca0e4effc96e6e0c693b83b027f613a1f41b6d1bd7791f65ce171a351e0a5c92575cb59e84ad0a930875397bfbbb91a7c925ddbbb558f7461af8
  languageName: node
  linkType: hard

"@types/normalize-package-data@npm:^2.4.1":
  version: 2.4.1
  resolution: "@types/normalize-package-data@npm:2.4.1"
  checksum: e87bccbf11f95035c89a132b52b79ce69a1e3652fe55962363063c9c0dae0fe2477ebc585e03a9652adc6f381d24ba5589cc5e51849df4ced3d3e004a7d40ed5
  languageName: node
  linkType: hard

"ansi-styles@npm:^3.2.1":
  version: 3.2.1
  resolution: "ansi-styles@npm:3.2.1"
  dependencies:
    color-convert: ^1.9.0
  checksum: d85ade01c10e5dd77b6c89f34ed7531da5830d2cb5882c645f330079975b716438cd7ebb81d0d6e6b4f9c577f19ae41ab55f07f19786b02f9dfd9e0377395665
  languageName: node
  linkType: hard

"argparse@npm:^2.0.1":
  version: 2.0.1
  resolution: "argparse@npm:2.0.1"
  checksum: 83644b56493e89a254bae05702abf3a1101b4fa4d0ca31df1c9985275a5a5bd47b3c27b7fa0b71098d41114d8ca000e6ed90cad764b306f8a503665e4d517ced
  languageName: node
  linkType: hard

"arrify@npm:^1.0.1":
  version: 1.0.1
  resolution: "arrify@npm:1.0.1"
  checksum: 745075dd4a4624ff0225c331dacb99be501a515d39bcb7c84d24660314a6ec28e68131b137e6f7e16318170842ce97538cd298fc4cd6b2cc798e0b957f2747e7
  languageName: node
  linkType: hard

"braces@npm:^3.0.1":
  version: 3.0.2
  resolution: "braces@npm:3.0.2"
  dependencies:
    fill-range: ^7.0.1
  checksum: e2a8e769a863f3d4ee887b5fe21f63193a891c68b612ddb4b68d82d1b5f3ff9073af066c343e9867a393fe4c2555dcb33e89b937195feb9c1613d259edfcd459
  languageName: node
  linkType: hard

"camelcase-keys@npm:^8.0.2":
  version: 8.0.2
  resolution: "camelcase-keys@npm:8.0.2"
  dependencies:
    camelcase: ^7.0.0
    map-obj: ^4.3.0
    quick-lru: ^6.1.1
    type-fest: ^2.13.0
  checksum: 878fdaffa55737486101845232b2bc017fec95e06711d8a4133461cabf2432b55a59b20ff6afafce9b48a5629f25181bac3ecb10023032d3eb7cf3247c6e34f6
  languageName: node
  linkType: hard

"camelcase@npm:^7.0.0":
  version: 7.0.0
  resolution: "camelcase@npm:7.0.0"
  checksum: 162d59607b3b46e910af151348d5e40af579048a5d07f3c06370b096ca0d42ba4a88bd92cf4e3482645ba1ffdd6f744d8273c1b9594e493fc10883d54adf7cbe
  languageName: node
  linkType: hard

"chalk@npm:^2.0.0":
  version: 2.4.2
  resolution: "chalk@npm:2.4.2"
  dependencies:
    ansi-styles: ^3.2.1
    escape-string-regexp: ^1.0.5
    supports-color: ^5.3.0
  checksum: ec3661d38fe77f681200f878edbd9448821924e0f93a9cefc0e26a33b145f1027a2084bf19967160d11e1f03bfe4eaffcabf5493b89098b2782c3fe0b03d80c2
  languageName: node
  linkType: hard

"color-convert@npm:^1.9.0":
  version: 1.9.3
  resolution: "color-convert@npm:1.9.3"
  dependencies:
    color-name: 1.1.3
  checksum: fd7a64a17cde98fb923b1dd05c5f2e6f7aefda1b60d67e8d449f9328b4e53b228a428fd38bfeaeb2db2ff6b6503a776a996150b80cdf224062af08a5c8a3a203
  languageName: node
  linkType: hard

"color-name@npm:1.1.3":
  version: 1.1.3
  resolution: "color-name@npm:1.1.3"
  checksum: 09c5d3e33d2105850153b14466501f2bfb30324a2f76568a408763a3b7433b0e50e5b4ab1947868e65cb101bb7cb75029553f2c333b6d4b8138a73fcc133d69d
  languageName: node
  linkType: hard

"decamelize-keys@npm:^1.1.0":
  version: 1.1.0
  resolution: "decamelize-keys@npm:1.1.0"
  dependencies:
    decamelize: ^1.1.0
    map-obj: ^1.0.0
  checksum: 8bc5d32e035a072f5dffc1f1f3d26ca7ab1fb44a9cade34c97ab6cd1e62c81a87e718101e96de07d78cecda20a3fdb955df958e46671ccad01bb8dcf0de2e298
  languageName: node
  linkType: hard

"decamelize@npm:^1.1.0":
  version: 1.2.0
  resolution: "decamelize@npm:1.2.0"
  checksum: ad8c51a7e7e0720c70ec2eeb1163b66da03e7616d7b98c9ef43cce2416395e84c1e9548dd94f5f6ffecfee9f8b94251fc57121a8b021f2ff2469b2bae247b8aa
  languageName: node
  linkType: hard

"decamelize@npm:^6.0.0":
  version: 6.0.0
  resolution: "decamelize@npm:6.0.0"
  checksum: 0066bc30798ec11e01adf0c19ad975caef86545d4bb6f70cfb90b7eb8e3cbf7974cf774ac2e6ea2586e4e07b1f654bfecc4e772c42128a79a89f8584fc546753
  languageName: node
  linkType: hard

"dequal@npm:^2.0.0":
  version: 2.0.2
  resolution: "dequal@npm:2.0.2"
  checksum: 86c7a2c59f7b0797ed397c74b5fcdb744e48fc19440b70ad6ac59f57550a96b0faef3f1cfd5760ec5e6d3f7cb101f634f1f80db4e727b1dc8389bf62d977c0a0
  languageName: node
  linkType: hard

"diff@npm:^5.0.0":
  version: 5.0.0
  resolution: "diff@npm:5.0.0"
  checksum: f19fe29284b633afdb2725c2a8bb7d25761ea54d321d8e67987ac851c5294be4afeab532bd84531e02583a3fe7f4014aa314a3eda84f5590e7a9e6b371ef3b46
  languageName: node
  linkType: hard

"dir-glob@npm:^3.0.1":
  version: 3.0.1
  resolution: "dir-glob@npm:3.0.1"
  dependencies:
    path-type: ^4.0.0
  checksum: fa05e18324510d7283f55862f3161c6759a3f2f8dbce491a2fc14c8324c498286c54282c1f0e933cb930da8419b30679389499b919122952a4f8592362ef4615
  languageName: node
  linkType: hard

"error-ex@npm:^1.3.1":
  version: 1.3.2
  resolution: "error-ex@npm:1.3.2"
  dependencies:
    is-arrayish: ^0.2.1
  checksum: c1c2b8b65f9c91b0f9d75f0debaa7ec5b35c266c2cac5de412c1a6de86d4cbae04ae44e510378cb14d032d0645a36925d0186f8bb7367bcc629db256b743a001
  languageName: node
  linkType: hard

"esbuild-android-64@npm:0.15.12":
  version: 0.15.12
  resolution: "esbuild-android-64@npm:0.15.12"
  conditions: os=android & cpu=x64
  languageName: node
  linkType: hard

"esbuild-android-arm64@npm:0.14.2":
  version: 0.14.2
  resolution: "esbuild-android-arm64@npm:0.14.2"
  conditions: os=android & cpu=arm64
  languageName: node
  linkType: hard

"esbuild-android-arm64@npm:0.15.12":
  version: 0.15.12
  resolution: "esbuild-android-arm64@npm:0.15.12"
  conditions: os=android & cpu=arm64
  languageName: node
  linkType: hard

"esbuild-darwin-64@npm:0.14.2":
  version: 0.14.2
  resolution: "esbuild-darwin-64@npm:0.14.2"
  conditions: os=darwin & cpu=x64
  languageName: node
  linkType: hard

"esbuild-darwin-64@npm:0.15.12":
  version: 0.15.12
  resolution: "esbuild-darwin-64@npm:0.15.12"
  conditions: os=darwin & cpu=x64
  languageName: node
  linkType: hard

"esbuild-darwin-arm64@npm:0.14.2":
  version: 0.14.2
  resolution: "esbuild-darwin-arm64@npm:0.14.2"
  conditions: os=darwin & cpu=arm64
  languageName: node
  linkType: hard

"esbuild-darwin-arm64@npm:0.15.12":
  version: 0.15.12
  resolution: "esbuild-darwin-arm64@npm:0.15.12"
  conditions: os=darwin & cpu=arm64
  languageName: node
  linkType: hard

"esbuild-freebsd-64@npm:0.14.2":
  version: 0.14.2
  resolution: "esbuild-freebsd-64@npm:0.14.2"
  conditions: os=freebsd & cpu=x64
  languageName: node
  linkType: hard

"esbuild-freebsd-64@npm:0.15.12":
  version: 0.15.12
  resolution: "esbuild-freebsd-64@npm:0.15.12"
  conditions: os=freebsd & cpu=x64
  languageName: node
  linkType: hard

"esbuild-freebsd-arm64@npm:0.14.2":
  version: 0.14.2
  resolution: "esbuild-freebsd-arm64@npm:0.14.2"
  conditions: os=freebsd & cpu=arm64
  languageName: node
  linkType: hard

"esbuild-freebsd-arm64@npm:0.15.12":
  version: 0.15.12
  resolution: "esbuild-freebsd-arm64@npm:0.15.12"
  conditions: os=freebsd & cpu=arm64
  languageName: node
  linkType: hard

"esbuild-linux-32@npm:0.14.2":
  version: 0.14.2
  resolution: "esbuild-linux-32@npm:0.14.2"
  conditions: os=linux & cpu=ia32
  languageName: node
  linkType: hard

"esbuild-linux-32@npm:0.15.12":
  version: 0.15.12
  resolution: "esbuild-linux-32@npm:0.15.12"
  conditions: os=linux & cpu=ia32
  languageName: node
  linkType: hard

"esbuild-linux-64@npm:0.14.2":
  version: 0.14.2
  resolution: "esbuild-linux-64@npm:0.14.2"
  conditions: os=linux & cpu=x64
  languageName: node
  linkType: hard

"esbuild-linux-64@npm:0.15.12":
  version: 0.15.12
  resolution: "esbuild-linux-64@npm:0.15.12"
  conditions: os=linux & cpu=x64
  languageName: node
  linkType: hard

"esbuild-linux-arm64@npm:0.14.2":
  version: 0.14.2
  resolution: "esbuild-linux-arm64@npm:0.14.2"
  conditions: os=linux & cpu=arm64
  languageName: node
  linkType: hard

"esbuild-linux-arm64@npm:0.15.12":
  version: 0.15.12
  resolution: "esbuild-linux-arm64@npm:0.15.12"
  conditions: os=linux & cpu=arm64
  languageName: node
  linkType: hard

"esbuild-linux-arm@npm:0.14.2":
  version: 0.14.2
  resolution: "esbuild-linux-arm@npm:0.14.2"
  conditions: os=linux & cpu=arm
  languageName: node
  linkType: hard

"esbuild-linux-arm@npm:0.15.12":
  version: 0.15.12
  resolution: "esbuild-linux-arm@npm:0.15.12"
  conditions: os=linux & cpu=arm
  languageName: node
  linkType: hard

"esbuild-linux-mips64le@npm:0.14.2":
  version: 0.14.2
  resolution: "esbuild-linux-mips64le@npm:0.14.2"
  conditions: os=linux & cpu=mips64el
  languageName: node
  linkType: hard

"esbuild-linux-mips64le@npm:0.15.12":
  version: 0.15.12
  resolution: "esbuild-linux-mips64le@npm:0.15.12"
  conditions: os=linux & cpu=mips64el
  languageName: node
  linkType: hard

"esbuild-linux-ppc64le@npm:0.14.2":
  version: 0.14.2
  resolution: "esbuild-linux-ppc64le@npm:0.14.2"
  conditions: os=linux & cpu=ppc64
  languageName: node
  linkType: hard

"esbuild-linux-ppc64le@npm:0.15.12":
  version: 0.15.12
  resolution: "esbuild-linux-ppc64le@npm:0.15.12"
  conditions: os=linux & cpu=ppc64
  languageName: node
  linkType: hard

"esbuild-linux-riscv64@npm:0.15.12":
  version: 0.15.12
  resolution: "esbuild-linux-riscv64@npm:0.15.12"
  conditions: os=linux & cpu=riscv64
  languageName: node
  linkType: hard

"esbuild-linux-s390x@npm:0.15.12":
  version: 0.15.12
  resolution: "esbuild-linux-s390x@npm:0.15.12"
  conditions: os=linux & cpu=s390x
  languageName: node
  linkType: hard

"esbuild-netbsd-64@npm:0.14.2":
  version: 0.14.2
  resolution: "esbuild-netbsd-64@npm:0.14.2"
  conditions: os=netbsd & cpu=x64
  languageName: node
  linkType: hard

"esbuild-netbsd-64@npm:0.15.12":
  version: 0.15.12
  resolution: "esbuild-netbsd-64@npm:0.15.12"
  conditions: os=netbsd & cpu=x64
  languageName: node
  linkType: hard

"esbuild-node-externals@npm:^1.5.0":
  version: 1.5.0
  resolution: "esbuild-node-externals@npm:1.5.0"
  dependencies:
    find-up: 5.0.0
    tslib: 2.3.1
  peerDependencies:
    esbuild: 0.12 - 0.15
  checksum: 8a96cedc35e3dd20f318abbad0aca356ad2a13d98503dea6068c1f040ab9c9cce78a75a2eea6177343360d47b6968ce5dbb4dbe10e5bc3d053c9fb7cea87ba58
  languageName: node
  linkType: hard

"esbuild-openbsd-64@npm:0.14.2":
  version: 0.14.2
  resolution: "esbuild-openbsd-64@npm:0.14.2"
  conditions: os=openbsd & cpu=x64
  languageName: node
  linkType: hard

"esbuild-openbsd-64@npm:0.15.12":
  version: 0.15.12
  resolution: "esbuild-openbsd-64@npm:0.15.12"
  conditions: os=openbsd & cpu=x64
  languageName: node
  linkType: hard

"esbuild-sunos-64@npm:0.14.2":
  version: 0.14.2
  resolution: "esbuild-sunos-64@npm:0.14.2"
  conditions: os=sunos & cpu=x64
  languageName: node
  linkType: hard

"esbuild-sunos-64@npm:0.15.12":
  version: 0.15.12
  resolution: "esbuild-sunos-64@npm:0.15.12"
  conditions: os=sunos & cpu=x64
  languageName: node
  linkType: hard

"esbuild-windows-32@npm:0.14.2":
  version: 0.14.2
  resolution: "esbuild-windows-32@npm:0.14.2"
  conditions: os=win32 & cpu=ia32
  languageName: node
  linkType: hard

"esbuild-windows-32@npm:0.15.12":
  version: 0.15.12
  resolution: "esbuild-windows-32@npm:0.15.12"
  conditions: os=win32 & cpu=ia32
  languageName: node
  linkType: hard

"esbuild-windows-64@npm:0.14.2":
  version: 0.14.2
  resolution: "esbuild-windows-64@npm:0.14.2"
  conditions: os=win32 & cpu=x64
  languageName: node
  linkType: hard

"esbuild-windows-64@npm:0.15.12":
  version: 0.15.12
  resolution: "esbuild-windows-64@npm:0.15.12"
  conditions: os=win32 & cpu=x64
  languageName: node
  linkType: hard

"esbuild-windows-arm64@npm:0.14.2":
  version: 0.14.2
  resolution: "esbuild-windows-arm64@npm:0.14.2"
  conditions: os=win32 & cpu=arm64
  languageName: node
  linkType: hard

"esbuild-windows-arm64@npm:0.15.12":
  version: 0.15.12
  resolution: "esbuild-windows-arm64@npm:0.15.12"
  conditions: os=win32 & cpu=arm64
  languageName: node
  linkType: hard

"esbuild@npm:^0.14.0":
  version: 0.14.2
  resolution: "esbuild@npm:0.14.2"
  dependencies:
    esbuild-android-arm64: 0.14.2
    esbuild-darwin-64: 0.14.2
    esbuild-darwin-arm64: 0.14.2
    esbuild-freebsd-64: 0.14.2
    esbuild-freebsd-arm64: 0.14.2
    esbuild-linux-32: 0.14.2
    esbuild-linux-64: 0.14.2
    esbuild-linux-arm: 0.14.2
    esbuild-linux-arm64: 0.14.2
    esbuild-linux-mips64le: 0.14.2
    esbuild-linux-ppc64le: 0.14.2
    esbuild-netbsd-64: 0.14.2
    esbuild-openbsd-64: 0.14.2
    esbuild-sunos-64: 0.14.2
    esbuild-windows-32: 0.14.2
    esbuild-windows-64: 0.14.2
    esbuild-windows-arm64: 0.14.2
  dependenciesMeta:
    esbuild-android-arm64:
      optional: true
    esbuild-darwin-64:
      optional: true
    esbuild-darwin-arm64:
      optional: true
    esbuild-freebsd-64:
      optional: true
    esbuild-freebsd-arm64:
      optional: true
    esbuild-linux-32:
      optional: true
    esbuild-linux-64:
      optional: true
    esbuild-linux-arm:
      optional: true
    esbuild-linux-arm64:
      optional: true
    esbuild-linux-mips64le:
      optional: true
    esbuild-linux-ppc64le:
      optional: true
    esbuild-netbsd-64:
      optional: true
    esbuild-openbsd-64:
      optional: true
    esbuild-sunos-64:
      optional: true
    esbuild-windows-32:
      optional: true
    esbuild-windows-64:
      optional: true
    esbuild-windows-arm64:
      optional: true
  bin:
    esbuild: bin/esbuild
  checksum: d786e6330b541d9d79ed81e82c1c35944c007cb38bf30bb021e68cf6bb25023316a45c68a4e94fa8397f4b79c69bb7a3b221afd9fac7725a4a2ca4ad8b55dff8
  languageName: node
  linkType: hard

"esbuild@npm:^0.15.12":
  version: 0.15.12
  resolution: "esbuild@npm:0.15.12"
  dependencies:
    "@esbuild/android-arm": 0.15.12
    "@esbuild/linux-loong64": 0.15.12
    esbuild-android-64: 0.15.12
    esbuild-android-arm64: 0.15.12
    esbuild-darwin-64: 0.15.12
    esbuild-darwin-arm64: 0.15.12
    esbuild-freebsd-64: 0.15.12
    esbuild-freebsd-arm64: 0.15.12
    esbuild-linux-32: 0.15.12
    esbuild-linux-64: 0.15.12
    esbuild-linux-arm: 0.15.12
    esbuild-linux-arm64: 0.15.12
    esbuild-linux-mips64le: 0.15.12
    esbuild-linux-ppc64le: 0.15.12
    esbuild-linux-riscv64: 0.15.12
    esbuild-linux-s390x: 0.15.12
    esbuild-netbsd-64: 0.15.12
    esbuild-openbsd-64: 0.15.12
    esbuild-sunos-64: 0.15.12
    esbuild-windows-32: 0.15.12
    esbuild-windows-64: 0.15.12
    esbuild-windows-arm64: 0.15.12
  dependenciesMeta:
    "@esbuild/android-arm":
      optional: true
    "@esbuild/linux-loong64":
      optional: true
    esbuild-android-64:
      optional: true
    esbuild-android-arm64:
      optional: true
    esbuild-darwin-64:
      optional: true
    esbuild-darwin-arm64:
      optional: true
    esbuild-freebsd-64:
      optional: true
    esbuild-freebsd-arm64:
      optional: true
    esbuild-linux-32:
      optional: true
    esbuild-linux-64:
      optional: true
    esbuild-linux-arm:
      optional: true
    esbuild-linux-arm64:
      optional: true
    esbuild-linux-mips64le:
      optional: true
    esbuild-linux-ppc64le:
      optional: true
    esbuild-linux-riscv64:
      optional: true
    esbuild-linux-s390x:
      optional: true
    esbuild-netbsd-64:
      optional: true
    esbuild-openbsd-64:
      optional: true
    esbuild-sunos-64:
      optional: true
    esbuild-windows-32:
      optional: true
    esbuild-windows-64:
      optional: true
    esbuild-windows-arm64:
      optional: true
  bin:
    esbuild: bin/esbuild
  checksum: b344d52c57616917719ac2fa38a58eba7d3c9d2a295116272b3e16a4f6327dc42549274c06560d301f9235a6fe31ccb45499b31d04820dfb8527d89d9766a2ad
  languageName: node
  linkType: hard

"escape-string-regexp@npm:^1.0.5":
  version: 1.0.5
  resolution: "escape-string-regexp@npm:1.0.5"
  checksum: 6092fda75c63b110c706b6a9bfde8a612ad595b628f0bd2147eea1d3406723020810e591effc7db1da91d80a71a737a313567c5abb3813e8d9c71f4aa595b410
  languageName: node
  linkType: hard

"fast-glob@npm:^3.2.11":
  version: 3.2.11
  resolution: "fast-glob@npm:3.2.11"
  dependencies:
    "@nodelib/fs.stat": ^2.0.2
    "@nodelib/fs.walk": ^1.2.3
    glob-parent: ^5.1.2
    merge2: ^1.3.0
    micromatch: ^4.0.4
  checksum: f473105324a7780a20c06de842e15ddbb41d3cb7e71d1e4fe6e8373204f22245d54f5ab9e2061e6a1c613047345954d29b022e0e76f5c28b1df9858179a0e6d7
  languageName: node
  linkType: hard

"fastq@npm:^1.6.0":
  version: 1.13.0
  resolution: "fastq@npm:1.13.0"
  dependencies:
    reusify: ^1.0.4
  checksum: 32cf15c29afe622af187d12fc9cd93e160a0cb7c31a3bb6ace86b7dea3b28e7b72acde89c882663f307b2184e14782c6c664fa315973c03626c7d4bff070bb0b
  languageName: node
  linkType: hard

"fill-range@npm:^7.0.1":
  version: 7.0.1
  resolution: "fill-range@npm:7.0.1"
  dependencies:
    to-regex-range: ^5.0.1
  checksum: cc283f4e65b504259e64fd969bcf4def4eb08d85565e906b7d36516e87819db52029a76b6363d0f02d0d532f0033c9603b9e2d943d56ee3b0d4f7ad3328ff917
  languageName: node
  linkType: hard

"find-up@npm:5.0.0":
  version: 5.0.0
  resolution: "find-up@npm:5.0.0"
  dependencies:
    locate-path: ^6.0.0
    path-exists: ^4.0.0
  checksum: 07955e357348f34660bde7920783204ff5a26ac2cafcaa28bace494027158a97b9f56faaf2d89a6106211a8174db650dd9f503f9c0d526b1202d5554a00b9095
  languageName: node
  linkType: hard

"find-up@npm:^6.3.0":
  version: 6.3.0
  resolution: "find-up@npm:6.3.0"
  dependencies:
    locate-path: ^7.1.0
    path-exists: ^5.0.0
  checksum: 9a21b7f9244a420e54c6df95b4f6fc3941efd3c3e5476f8274eb452f6a85706e7a6a90de71353ee4f091fcb4593271a6f92810a324ec542650398f928783c280
  languageName: node
  linkType: hard

"fs-extra@npm:^10.1.0":
  version: 10.1.0
  resolution: "fs-extra@npm:10.1.0"
  dependencies:
    graceful-fs: ^4.2.0
    jsonfile: ^6.0.1
    universalify: ^2.0.0
  checksum: dc94ab37096f813cc3ca12f0f1b5ad6744dfed9ed21e953d72530d103cea193c2f81584a39e9dee1bea36de5ee66805678c0dddc048e8af1427ac19c00fffc50
  languageName: node
  linkType: hard

"function-bind@npm:^1.1.1":
  version: 1.1.1
  resolution: "function-bind@npm:1.1.1"
  checksum: b32fbaebb3f8ec4969f033073b43f5c8befbb58f1a79e12f1d7490358150359ebd92f49e72ff0144f65f2c48ea2a605bff2d07965f548f6474fd8efd95bf361a
  languageName: node
  linkType: hard

"glob-parent@npm:^5.1.2":
  version: 5.1.2
  resolution: "glob-parent@npm:5.1.2"
  dependencies:
    is-glob: ^4.0.1
  checksum: f4f2bfe2425296e8a47e36864e4f42be38a996db40420fe434565e4480e3322f18eb37589617a98640c5dc8fdec1a387007ee18dbb1f3f5553409c34d17f425e
  languageName: node
  linkType: hard

"globby@npm:^13.1.2":
  version: 13.1.2
  resolution: "globby@npm:13.1.2"
  dependencies:
    dir-glob: ^3.0.1
    fast-glob: ^3.2.11
    ignore: ^5.2.0
    merge2: ^1.4.1
    slash: ^4.0.0
  checksum: c148fcda0c981f00fb434bb94ca258f0a9d23cedbde6fb3f37098e1abde5b065019e2c63fe2aa2fad4daf2b54bf360b4d0423d85fb3a63d09ed75a2837d4de0f
  languageName: node
  linkType: hard

"graceful-fs@npm:^4.1.6, graceful-fs@npm:^4.2.0":
  version: 4.2.8
  resolution: "graceful-fs@npm:4.2.8"
  checksum: 5d224c8969ad0581d551dfabdb06882706b31af2561bd5e2034b4097e67cc27d05232849b8643866585fd0a41c7af152950f8776f4dd5579e9853733f31461c6
  languageName: node
  linkType: hard

"hard-rejection@npm:^2.1.0":
  version: 2.1.0
  resolution: "hard-rejection@npm:2.1.0"
  checksum: 7baaf80a0c7fff4ca79687b4060113f1529589852152fa935e6787a2bc96211e784ad4588fb3048136ff8ffc9dfcf3ae385314a5b24db32de20bea0d1597f9dc
  languageName: node
  linkType: hard

"has-flag@npm:^3.0.0":
  version: 3.0.0
  resolution: "has-flag@npm:3.0.0"
  checksum: 4a15638b454bf086c8148979aae044dd6e39d63904cd452d970374fa6a87623423da485dfb814e7be882e05c096a7ccf1ebd48e7e7501d0208d8384ff4dea73b
  languageName: node
  linkType: hard

"has@npm:^1.0.3":
  version: 1.0.3
  resolution: "has@npm:1.0.3"
  dependencies:
    function-bind: ^1.1.1
  checksum: b9ad53d53be4af90ce5d1c38331e712522417d017d5ef1ebd0507e07c2fbad8686fffb8e12ddecd4c39ca9b9b47431afbb975b8abf7f3c3b82c98e9aad052792
  languageName: node
  linkType: hard

"hosted-git-info@npm:^4.0.1":
  version: 4.0.2
  resolution: "hosted-git-info@npm:4.0.2"
  dependencies:
    lru-cache: ^6.0.0
  checksum: d1b2d7720398ce96a788bd38d198fbddce089a2381f63cfb01743e6c7e5aed656e5547fe74090fb9fe53b2cb785b0e8c9ebdddadff48ed26bb471dd23cd25458
  languageName: node
  linkType: hard

"hosted-git-info@npm:^5.0.0":
  version: 5.1.0
  resolution: "hosted-git-info@npm:5.1.0"
  dependencies:
    lru-cache: ^7.5.1
  checksum: 22abbc6a7418344c883e2df6e791e94b38192b2a61256b19c955999d878b8d5365ea51683fd1f0cc8f217e9bd121db88d5aaa7cf0407c4b7ff287b79aabacbd3
  languageName: node
  linkType: hard

"ignore@npm:^5.2.0":
  version: 5.2.0
  resolution: "ignore@npm:5.2.0"
  checksum: 6b1f926792d614f64c6c83da3a1f9c83f6196c2839aa41e1e32dd7b8d174cef2e329d75caabb62cb61ce9dc432f75e67d07d122a037312db7caa73166a1bdb77
  languageName: node
  linkType: hard

"indent-string@npm:^5.0.0":
  version: 5.0.0
  resolution: "indent-string@npm:5.0.0"
  checksum: e466c27b6373440e6d84fbc19e750219ce25865cb82d578e41a6053d727e5520dc5725217d6eb1cc76005a1bb1696a0f106d84ce7ebda3033b963a38583fb3b3
  languageName: node
  linkType: hard

"is-arrayish@npm:^0.2.1":
  version: 0.2.1
  resolution: "is-arrayish@npm:0.2.1"
  checksum: eef4417e3c10e60e2c810b6084942b3ead455af16c4509959a27e490e7aee87cfb3f38e01bbde92220b528a0ee1a18d52b787e1458ee86174d8c7f0e58cd488f
  languageName: node
  linkType: hard

"is-core-module@npm:^2.5.0":
  version: 2.8.0
  resolution: "is-core-module@npm:2.8.0"
  dependencies:
    has: ^1.0.3
  checksum: f8b52714891e1a6c6577fcb8d5e057bab064a7a30954aab6beb5092e311473eb8da57afd334de4981dc32409ffca998412efc3a2edceb9e397cef6098d21dd91
  languageName: node
  linkType: hard

"is-core-module@npm:^2.8.1":
  version: 2.11.0
  resolution: "is-core-module@npm:2.11.0"
  dependencies:
    has: ^1.0.3
  checksum: f96fd490c6b48eb4f6d10ba815c6ef13f410b0ba6f7eb8577af51697de523e5f2cd9de1c441b51d27251bf0e4aebc936545e33a5d26d5d51f28d25698d4a8bab
  languageName: node
  linkType: hard

"is-extglob@npm:^2.1.1":
  version: 2.1.1
  resolution: "is-extglob@npm:2.1.1"
  checksum: df033653d06d0eb567461e58a7a8c9f940bd8c22274b94bf7671ab36df5719791aae15eef6d83bbb5e23283967f2f984b8914559d4449efda578c775c4be6f85
  languageName: node
  linkType: hard

"is-glob@npm:^4.0.1":
  version: 4.0.3
  resolution: "is-glob@npm:4.0.3"
  dependencies:
    is-extglob: ^2.1.1
  checksum: d381c1319fcb69d341cc6e6c7cd588e17cd94722d9a32dbd60660b993c4fb7d0f19438674e68dfec686d09b7c73139c9166b47597f846af387450224a8101ab4
  languageName: node
  linkType: hard

"is-number@npm:^7.0.0":
  version: 7.0.0
  resolution: "is-number@npm:7.0.0"
  checksum: 456ac6f8e0f3111ed34668a624e45315201dff921e5ac181f8ec24923b99e9f32ca1a194912dc79d539c97d33dba17dc635202ff0b2cf98326f608323276d27a
  languageName: node
  linkType: hard

"is-plain-obj@npm:^1.1.0":
  version: 1.1.0
  resolution: "is-plain-obj@npm:1.1.0"
  checksum: 0ee04807797aad50859652a7467481816cbb57e5cc97d813a7dcd8915da8195dc68c436010bf39d195226cde6a2d352f4b815f16f26b7bf486a5754290629931
  languageName: node
  linkType: hard

"js-tokens@npm:^4.0.0":
  version: 4.0.0
  resolution: "js-tokens@npm:4.0.0"
  checksum: 8a95213a5a77deb6cbe94d86340e8d9ace2b93bc367790b260101d2f36a2eaf4e4e22d9fa9cf459b38af3a32fb4190e638024cf82ec95ef708680e405ea7cc78
  languageName: node
  linkType: hard

"js-yaml@npm:^4.1.0":
  version: 4.1.0
  resolution: "js-yaml@npm:4.1.0"
  dependencies:
    argparse: ^2.0.1
  bin:
    js-yaml: bin/js-yaml.js
  checksum: c7830dfd456c3ef2c6e355cc5a92e6700ceafa1d14bba54497b34a99f0376cecbb3e9ac14d3e5849b426d5a5140709a66237a8c991c675431271c4ce5504151a
  languageName: node
  linkType: hard

"json-parse-even-better-errors@npm:^2.3.0":
  version: 2.3.1
  resolution: "json-parse-even-better-errors@npm:2.3.1"
  checksum: 798ed4cf3354a2d9ccd78e86d2169515a0097a5c133337807cdf7f1fc32e1391d207ccfc276518cc1d7d8d4db93288b8a50ba4293d212ad1336e52a8ec0a941f
  languageName: node
  linkType: hard

"json5@npm:^2.2.1":
  version: 2.2.1
  resolution: "json5@npm:2.2.1"
  bin:
    json5: lib/cli.js
  checksum: 74b8a23b102a6f2bf2d224797ae553a75488b5adbaee9c9b6e5ab8b510a2fc6e38f876d4c77dea672d4014a44b2399e15f2051ac2b37b87f74c0c7602003543b
  languageName: node
  linkType: hard

"jsonfile@npm:^6.0.1":
  version: 6.1.0
  resolution: "jsonfile@npm:6.1.0"
  dependencies:
    graceful-fs: ^4.1.6
    universalify: ^2.0.0
  dependenciesMeta:
    graceful-fs:
      optional: true
  checksum: 7af3b8e1ac8fe7f1eccc6263c6ca14e1966fcbc74b618d3c78a0a2075579487547b94f72b7a1114e844a1e15bb00d440e5d1720bfc4612d790a6f285d5ea8354
  languageName: node
  linkType: hard

"kind-of@npm:^6.0.3":
  version: 6.0.3
  resolution: "kind-of@npm:6.0.3"
  checksum: 3ab01e7b1d440b22fe4c31f23d8d38b4d9b91d9f291df683476576493d5dfd2e03848a8b05813dd0c3f0e835bc63f433007ddeceb71f05cb25c45ae1b19c6d3b
  languageName: node
  linkType: hard

"kleur@npm:^4.0.3":
  version: 4.1.4
  resolution: "kleur@npm:4.1.4"
  checksum: 7f6db36e378045dec14acd3cbf0b1e59130c09e984ee8b8ce56dd2d2257cfff90389c1e8f8b19bd09dd5d241080566a814b4ccd99fdcef91f59ef93ec33c8a44
  languageName: node
  linkType: hard

"lines-and-columns@npm:^1.1.6":
  version: 1.2.4
  resolution: "lines-and-columns@npm:1.2.4"
  checksum: 0c37f9f7fa212b38912b7145e1cd16a5f3cd34d782441c3e6ca653485d326f58b3caccda66efce1c5812bde4961bbde3374fae4b0d11bf1226152337f3894aa5
  languageName: node
  linkType: hard

"locate-path@npm:^6.0.0":
  version: 6.0.0
  resolution: "locate-path@npm:6.0.0"
  dependencies:
    p-locate: ^5.0.0
  checksum: 72eb661788a0368c099a184c59d2fee760b3831c9c1c33955e8a19ae4a21b4116e53fa736dc086cdeb9fce9f7cc508f2f92d2d3aae516f133e16a2bb59a39f5a
  languageName: node
  linkType: hard

"locate-path@npm:^7.1.0":
  version: 7.1.1
  resolution: "locate-path@npm:7.1.1"
  dependencies:
    p-locate: ^6.0.0
  checksum: 1d88af5b512d6e6398026252e17382907126683ab09ae5d6b8918d0bc72ca2642e1ad6e2fe635c5920840e369618e5d748c08deb57ba537fdd3f78e87ca993e0
  languageName: node
  linkType: hard

"lru-cache@npm:^6.0.0":
  version: 6.0.0
  resolution: "lru-cache@npm:6.0.0"
  dependencies:
    yallist: ^4.0.0
  checksum: f97f499f898f23e4585742138a22f22526254fdba6d75d41a1c2526b3b6cc5747ef59c5612ba7375f42aca4f8461950e925ba08c991ead0651b4918b7c978297
  languageName: node
  linkType: hard

"lru-cache@npm:^7.5.1":
  version: 7.14.0
  resolution: "lru-cache@npm:7.14.0"
  checksum: efdd329f2c1bb790b71d497c6c59272e6bc2d7dd060ba55fc136becd3dd31fc8346edb446275504d94cb60d3c8385dbf5267b79b23789e409b2bdf302d13f0d7
  languageName: node
  linkType: hard

"map-obj@npm:^1.0.0":
  version: 1.0.1
  resolution: "map-obj@npm:1.0.1"
  checksum: 9949e7baec2a336e63b8d4dc71018c117c3ce6e39d2451ccbfd3b8350c547c4f6af331a4cbe1c83193d7c6b786082b6256bde843db90cb7da2a21e8fcc28afed
  languageName: node
  linkType: hard

"map-obj@npm:^4.3.0":
  version: 4.3.0
  resolution: "map-obj@npm:4.3.0"
  checksum: fbc554934d1a27a1910e842bc87b177b1a556609dd803747c85ece420692380827c6ae94a95cce4407c054fa0964be3bf8226f7f2cb2e9eeee432c7c1985684e
  languageName: node
  linkType: hard

"meow@npm:^11.0.0":
  version: 11.0.0
  resolution: "meow@npm:11.0.0"
  dependencies:
    "@types/minimist": ^1.2.2
    camelcase-keys: ^8.0.2
    decamelize: ^6.0.0
    decamelize-keys: ^1.1.0
    hard-rejection: ^2.1.0
    minimist-options: 4.1.0
    normalize-package-data: ^4.0.1
    read-pkg-up: ^9.1.0
    redent: ^4.0.0
    trim-newlines: ^4.0.2
    type-fest: ^3.1.0
    yargs-parser: ^21.1.1
  checksum: 2e815b8d2acc6cda0ea10e0a6dcd6fbdcc2fb8b24412c3c70acd77220642ca0dc727c6fccd79d64b7ca811d099e8a9ad62ea261a8f39d4b61fcdcaf551c5c788
  languageName: node
  linkType: hard

"merge2@npm:^1.3.0, merge2@npm:^1.4.1":
  version: 1.4.1
  resolution: "merge2@npm:1.4.1"
  checksum: 7268db63ed5169466540b6fb947aec313200bcf6d40c5ab722c22e242f651994619bcd85601602972d3c85bd2cc45a358a4c61937e9f11a061919a1da569b0c2
  languageName: node
  linkType: hard

"micromatch@npm:^4.0.4":
  version: 4.0.4
  resolution: "micromatch@npm:4.0.4"
  dependencies:
    braces: ^3.0.1
    picomatch: ^2.2.3
  checksum: ef3d1c88e79e0a68b0e94a03137676f3324ac18a908c245a9e5936f838079fcc108ac7170a5fadc265a9c2596963462e402841406bda1a4bb7b68805601d631c
  languageName: node
  linkType: hard

"min-indent@npm:^1.0.1":
  version: 1.0.1
  resolution: "min-indent@npm:1.0.1"
  checksum: bfc6dd03c5eaf623a4963ebd94d087f6f4bbbfd8c41329a7f09706b0cb66969c4ddd336abeb587bc44bc6f08e13bf90f0b374f9d71f9f01e04adc2cd6f083ef1
  languageName: node
  linkType: hard

"minimist-options@npm:4.1.0":
  version: 4.1.0
  resolution: "minimist-options@npm:4.1.0"
  dependencies:
    arrify: ^1.0.1
    is-plain-obj: ^1.1.0
    kind-of: ^6.0.3
  checksum: 8c040b3068811e79de1140ca2b708d3e203c8003eb9a414c1ab3cd467fc5f17c9ca02a5aef23bedc51a7f8bfbe77f87e9a7e31ec81fba304cda675b019496f4e
  languageName: node
  linkType: hard

"mri@npm:^1.1.0":
  version: 1.2.0
  resolution: "mri@npm:1.2.0"
  checksum: 83f515abbcff60150873e424894a2f65d68037e5a7fcde8a9e2b285ee9c13ac581b63cfc1e6826c4732de3aeb84902f7c1e16b7aff46cd3f897a0f757a894e85
  languageName: node
  linkType: hard

"normalize-package-data@npm:^3.0.2":
  version: 3.0.3
  resolution: "normalize-package-data@npm:3.0.3"
  dependencies:
    hosted-git-info: ^4.0.1
    is-core-module: ^2.5.0
    semver: ^7.3.4
    validate-npm-package-license: ^3.0.1
  checksum: bbcee00339e7c26fdbc760f9b66d429258e2ceca41a5df41f5df06cc7652de8d82e8679ff188ca095cad8eff2b6118d7d866af2b68400f74602fbcbce39c160a
  languageName: node
  linkType: hard

"normalize-package-data@npm:^4.0.1":
  version: 4.0.1
  resolution: "normalize-package-data@npm:4.0.1"
  dependencies:
    hosted-git-info: ^5.0.0
    is-core-module: ^2.8.1
    semver: ^7.3.5
    validate-npm-package-license: ^3.0.4
  checksum: 292e0aa740e73d62f84bbd9d55d4bfc078155f32d5d7572c32c9807f96d543af0f43ff7e5c80bfa6238667123fd68bd83cd412eae9b27b85b271fb041f624528
  languageName: node
  linkType: hard

"p-limit@npm:^3.0.2":
  version: 3.1.0
  resolution: "p-limit@npm:3.1.0"
  dependencies:
    yocto-queue: ^0.1.0
  checksum: 7c3690c4dbf62ef625671e20b7bdf1cbc9534e83352a2780f165b0d3ceba21907e77ad63401708145ca4e25bfc51636588d89a8c0aeb715e6c37d1c066430360
  languageName: node
  linkType: hard

"p-limit@npm:^4.0.0":
  version: 4.0.0
  resolution: "p-limit@npm:4.0.0"
  dependencies:
    yocto-queue: ^1.0.0
  checksum: 01d9d70695187788f984226e16c903475ec6a947ee7b21948d6f597bed788e3112cc7ec2e171c1d37125057a5f45f3da21d8653e04a3a793589e12e9e80e756b
  languageName: node
  linkType: hard

"p-locate@npm:^5.0.0":
  version: 5.0.0
  resolution: "p-locate@npm:5.0.0"
  dependencies:
    p-limit: ^3.0.2
  checksum: 1623088f36cf1cbca58e9b61c4e62bf0c60a07af5ae1ca99a720837356b5b6c5ba3eb1b2127e47a06865fee59dd0453cad7cc844cda9d5a62ac1a5a51b7c86d3
  languageName: node
  linkType: hard

"p-locate@npm:^6.0.0":
  version: 6.0.0
  resolution: "p-locate@npm:6.0.0"
  dependencies:
    p-limit: ^4.0.0
  checksum: 2bfe5234efa5e7a4e74b30a5479a193fdd9236f8f6b4d2f3f69e3d286d9a7d7ab0c118a2a50142efcf4e41625def635bd9332d6cbf9cc65d85eb0718c579ab38
  languageName: node
  linkType: hard

"parse-json@npm:^5.2.0":
  version: 5.2.0
  resolution: "parse-json@npm:5.2.0"
  dependencies:
    "@babel/code-frame": ^7.0.0
    error-ex: ^1.3.1
    json-parse-even-better-errors: ^2.3.0
    lines-and-columns: ^1.1.6
  checksum: 62085b17d64da57f40f6afc2ac1f4d95def18c4323577e1eced571db75d9ab59b297d1d10582920f84b15985cbfc6b6d450ccbf317644cfa176f3ed982ad87e2
  languageName: node
  linkType: hard

"path-exists@npm:^4.0.0":
  version: 4.0.0
  resolution: "path-exists@npm:4.0.0"
  checksum: 505807199dfb7c50737b057dd8d351b82c033029ab94cb10a657609e00c1bc53b951cfdbccab8de04c5584d5eff31128ce6afd3db79281874a5ef2adbba55ed1
  languageName: node
  linkType: hard

"path-exists@npm:^5.0.0":
  version: 5.0.0
  resolution: "path-exists@npm:5.0.0"
  checksum: 8ca842868cab09423994596eb2c5ec2a971c17d1a3cb36dbf060592c730c725cd524b9067d7d2a1e031fef9ba7bd2ac6dc5ec9fb92aa693265f7be3987045254
  languageName: node
  linkType: hard

"path-type@npm:^4.0.0":
  version: 4.0.0
  resolution: "path-type@npm:4.0.0"
  checksum: 5b1e2daa247062061325b8fdbfd1fb56dde0a448fb1455453276ea18c60685bdad23a445dc148cf87bc216be1573357509b7d4060494a6fd768c7efad833ee45
  languageName: node
  linkType: hard

"picomatch@npm:^2.2.3":
  version: 2.3.0
  resolution: "picomatch@npm:2.3.0"
  checksum: 16818720ea7c5872b6af110760dee856c8e4cd79aed1c7a006d076b1cc09eff3ae41ca5019966694c33fbd2e1cc6ea617ab10e4adac6df06556168f13be3fca2
  languageName: node
  linkType: hard

"queue-microtask@npm:^1.2.2":
  version: 1.2.3
  resolution: "queue-microtask@npm:1.2.3"
  checksum: b676f8c040cdc5b12723ad2f91414d267605b26419d5c821ff03befa817ddd10e238d22b25d604920340fd73efd8ba795465a0377c4adf45a4a41e4234e42dc4
  languageName: node
  linkType: hard

"quick-lru@npm:^6.1.1":
  version: 6.1.1
  resolution: "quick-lru@npm:6.1.1"
  checksum: a9c75bf1d208c1d207590e10403a75d037f9faf7857f2e0d38c294d92b40d8b400776bcb5d4dd516baa84e6f5e3baf2a16cf405e6fedc18107922f46aeae83ee
  languageName: node
  linkType: hard

"read-pkg-up@npm:^9.1.0":
  version: 9.1.0
  resolution: "read-pkg-up@npm:9.1.0"
  dependencies:
    find-up: ^6.3.0
    read-pkg: ^7.1.0
    type-fest: ^2.5.0
  checksum: 41b8ba4bdb7c1e914aa6ce2d36a7c1651e9086938977fa12f058f6fca51ee15315634af648ca4ef70dd074e575e854616b39032ad0b376e9e97d61a9d0867afe
  languageName: node
  linkType: hard

"read-pkg@npm:^7.1.0":
  version: 7.1.0
  resolution: "read-pkg@npm:7.1.0"
  dependencies:
    "@types/normalize-package-data": ^2.4.1
    normalize-package-data: ^3.0.2
    parse-json: ^5.2.0
    type-fest: ^2.0.0
  checksum: 20d11c59be3ae1fc79d4b9c8594dabeaec58105f9dfd710570ef9690ec2ac929247006e79ca114257683228663199735d60f149948dbc5f34fcd2d28883ab5f7
  languageName: node
  linkType: hard

"redent@npm:^4.0.0":
  version: 4.0.0
  resolution: "redent@npm:4.0.0"
  dependencies:
    indent-string: ^5.0.0
    strip-indent: ^4.0.0
  checksum: 6944e7b1d8f3fd28c2515f5c605b9f7f0ea0f4edddf41890bbbdd4d9ee35abb7540c3b278f03ff827bd278bb6ff4a5bd8692ca406b748c5c1c3ce7355e9fbf8f
  languageName: node
  linkType: hard

"reusify@npm:^1.0.4":
  version: 1.0.4
  resolution: "reusify@npm:1.0.4"
  checksum: c3076ebcc22a6bc252cb0b9c77561795256c22b757f40c0d8110b1300723f15ec0fc8685e8d4ea6d7666f36c79ccc793b1939c748bf36f18f542744a4e379fcc
  languageName: node
  linkType: hard

"run-parallel@npm:^1.1.9":
  version: 1.2.0
  resolution: "run-parallel@npm:1.2.0"
  dependencies:
    queue-microtask: ^1.2.2
  checksum: cb4f97ad25a75ebc11a8ef4e33bb962f8af8516bb2001082ceabd8902e15b98f4b84b4f8a9b222e5d57fc3bd1379c483886ed4619367a7680dad65316993021d
  languageName: node
  linkType: hard

"sade@npm:^1.7.3":
  version: 1.7.4
  resolution: "sade@npm:1.7.4"
  dependencies:
    mri: ^1.1.0
  checksum: 80a2c4ca086c25cdb62cb084a38a0cc72afc657ed4b1874d6e7b3fd0b7f748cf806567ece6d68f13e19d0ed1779cd226ca8c24d8fd7ae692bf09bff1e1966522
  languageName: node
  linkType: hard

"semver@npm:^7.3.4":
  version: 7.3.5
  resolution: "semver@npm:7.3.5"
  dependencies:
    lru-cache: ^6.0.0
  bin:
    semver: bin/semver.js
  checksum: 5eafe6102bea2a7439897c1856362e31cc348ccf96efd455c8b5bc2c61e6f7e7b8250dc26b8828c1d76a56f818a7ee907a36ae9fb37a599d3d24609207001d60
  languageName: node
  linkType: hard

"semver@npm:^7.3.5":
  version: 7.3.8
  resolution: "semver@npm:7.3.8"
  dependencies:
    lru-cache: ^6.0.0
  bin:
    semver: bin/semver.js
  checksum: ba9c7cbbf2b7884696523450a61fee1a09930d888b7a8d7579025ad93d459b2d1949ee5bbfeb188b2be5f4ac163544c5e98491ad6152df34154feebc2cc337c1
  languageName: node
  linkType: hard

"slash@npm:^4.0.0":
  version: 4.0.0
  resolution: "slash@npm:4.0.0"
  checksum: da8e4af73712253acd21b7853b7e0dbba776b786e82b010a5bfc8b5051a1db38ed8aba8e1e8f400dd2c9f373be91eb1c42b66e91abb407ff42b10feece5e1d2d
  languageName: node
  linkType: hard

"spdx-correct@npm:^3.0.0":
  version: 3.1.1
  resolution: "spdx-correct@npm:3.1.1"
  dependencies:
    spdx-expression-parse: ^3.0.0
    spdx-license-ids: ^3.0.0
  checksum: 77ce438344a34f9930feffa61be0eddcda5b55fc592906ef75621d4b52c07400a97084d8701557b13f7d2aae0cb64f808431f469e566ef3fe0a3a131dcb775a6
  languageName: node
  linkType: hard

"spdx-exceptions@npm:^2.1.0":
  version: 2.3.0
  resolution: "spdx-exceptions@npm:2.3.0"
  checksum: cb69a26fa3b46305637123cd37c85f75610e8c477b6476fa7354eb67c08128d159f1d36715f19be6f9daf4b680337deb8c65acdcae7f2608ba51931540687ac0
  languageName: node
  linkType: hard

"spdx-expression-parse@npm:^3.0.0":
  version: 3.0.1
  resolution: "spdx-expression-parse@npm:3.0.1"
  dependencies:
    spdx-exceptions: ^2.1.0
    spdx-license-ids: ^3.0.0
  checksum: a1c6e104a2cbada7a593eaa9f430bd5e148ef5290d4c0409899855ce8b1c39652bcc88a725259491a82601159d6dc790bedefc9016c7472f7de8de7361f8ccde
  languageName: node
  linkType: hard

"spdx-license-ids@npm:^3.0.0":
  version: 3.0.11
  resolution: "spdx-license-ids@npm:3.0.11"
  checksum: 1da1acb090257773e60b022094050e810ae9fec874dc1461f65dc0400cd42dd830ab2df6e64fb49c2db3dce386dd0362110780e1b154db7c0bb413488836aaeb
  languageName: node
  linkType: hard

"strip-indent@npm:^4.0.0":
  version: 4.0.0
  resolution: "strip-indent@npm:4.0.0"
  dependencies:
    min-indent: ^1.0.1
  checksum: 06cbcd93da721c46bc13caeb1c00af93a9b18146a1c95927672d2decab6a25ad83662772417cea9317a2507fb143253ecc23c4415b64f5828cef9b638a744598
  languageName: node
  linkType: hard

"supports-color@npm:^5.3.0":
  version: 5.5.0
  resolution: "supports-color@npm:5.5.0"
  dependencies:
    has-flag: ^3.0.0
  checksum: 95f6f4ba5afdf92f495b5a912d4abee8dcba766ae719b975c56c084f5004845f6f5a5f7769f52d53f40e21952a6d87411bafe34af4a01e65f9926002e38e1dac
  languageName: node
  linkType: hard

"to-regex-range@npm:^5.0.1":
  version: 5.0.1
  resolution: "to-regex-range@npm:5.0.1"
  dependencies:
    is-number: ^7.0.0
  checksum: f76fa01b3d5be85db6a2a143e24df9f60dd047d151062d0ba3df62953f2f697b16fe5dad9b0ac6191c7efc7b1d9dcaa4b768174b7b29da89d4428e64bc0a20ed
  languageName: node
  linkType: hard

"trim-newlines@npm:^4.0.2":
  version: 4.0.2
  resolution: "trim-newlines@npm:4.0.2"
  checksum: 1eef206eb77361856dff0b827e5811baf64574bb21e81b7ad643fe321c5c19b0a452dd83e9afc31206993fcff9bb90a379925d7b5915f887de1ca7da5b57933a
  languageName: node
  linkType: hard

"tsc-esm-fix@npm:^2.20.5":
  version: 2.20.5
  resolution: "tsc-esm-fix@npm:2.20.5"
  dependencies:
    "@types/fs-extra": ^9.0.13
    fs-extra: ^10.1.0
    globby: ^13.1.2
    json5: ^2.2.1
    meow: ^11.0.0
    tslib: ^2.4.0
  bin:
    tsc-esm-fix: target/es6/cli.mjs
  checksum: 55fe57f6c67fe927b0de70296b90547aff974dd6dfeaa3e0f1abe8f2e2b92a683c2c9895a7aa204d22951ccf76fd1cbd34e15ef3e22d6a14348429d773d086fb
  languageName: node
  linkType: hard

"tslib@npm:2.3.1":
  version: 2.3.1
  resolution: "tslib@npm:2.3.1"
  checksum: de17a98d4614481f7fcb5cd53ffc1aaf8654313be0291e1bfaee4b4bb31a20494b7d218ff2e15017883e8ea9626599b3b0e0229c18383ba9dce89da2adf15cb9
  languageName: node
  linkType: hard

"tslib@npm:^2.4.0":
  version: 2.4.0
  resolution: "tslib@npm:2.4.0"
  checksum: 8c4aa6a3c5a754bf76aefc38026134180c053b7bd2f81338cb5e5ebf96fefa0f417bff221592bf801077f5bf990562f6264fecbc42cd3309b33872cb6fc3b113
  languageName: node
  linkType: hard

"tsm@npm:^2.2.2":
  version: 2.2.2
  resolution: "tsm@npm:2.2.2"
  dependencies:
    esbuild: ^0.14.0
  bin:
    tsm: bin.js
  checksum: 5908f7e5167c0552b180e04f950430a5f890d95b9ac4b7f2016cbe566df2515f4b7c4f3519fa6f6edc2bf47f4b8fe38b301407d613f8b3c491b51339c098573b
  languageName: node
  linkType: hard

"type-fest@npm:^2.0.0, type-fest@npm:^2.13.0, type-fest@npm:^2.5.0":
  version: 2.19.0
  resolution: "type-fest@npm:2.19.0"
  checksum: a4ef07ece297c9fba78fc1bd6d85dff4472fe043ede98bd4710d2615d15776902b595abf62bd78339ed6278f021235fb28a96361f8be86ed754f778973a0d278
  languageName: node
  linkType: hard

"type-fest@npm:^3.1.0":
  version: 3.1.0
  resolution: "type-fest@npm:3.1.0"
  checksum: 22a0402afafab05edb7b45456d6ebfdcfc616f84a98266857e89bd656a14b5007e86d1a50b12746624b6aafb17dad3f437065df8adfa1b04bb970894db1fe940
  languageName: node
  linkType: hard

"typescript@npm:^4.8.4":
  version: 4.8.4
  resolution: "typescript@npm:4.8.4"
  bin:
    tsc: bin/tsc
    tsserver: bin/tsserver
  checksum: 3e4f061658e0c8f36c820802fa809e0fd812b85687a9a2f5430bc3d0368e37d1c9605c3ce9b39df9a05af2ece67b1d844f9f6ea8ff42819f13bcb80f85629af0
  languageName: node
  linkType: hard

"typescript@patch:typescript@^4.8.4#~builtin<compat/typescript>":
  version: 4.8.4
  resolution: "typescript@patch:typescript@npm%3A4.8.4#~builtin<compat/typescript>::version=4.8.4&hash=493e53"
  bin:
    tsc: bin/tsc
    tsserver: bin/tsserver
  checksum: 563a0ef47abae6df27a9a3ab38f75fc681f633ccf1a3502b1108e252e187787893de689220f4544aaf95a371a4eb3141e4a337deb9895de5ac3c1ca76430e5f0
  languageName: node
  linkType: hard

"universalify@npm:^2.0.0":
  version: 2.0.0
  resolution: "universalify@npm:2.0.0"
  checksum: 2406a4edf4a8830aa6813278bab1f953a8e40f2f63a37873ffa9a3bc8f9745d06cc8e88f3572cb899b7e509013f7f6fcc3e37e8a6d914167a5381d8440518c44
  languageName: node
  linkType: hard

"uvu@npm:^0.5.6":
  version: 0.5.6
  resolution: "uvu@npm:0.5.6"
  dependencies:
    dequal: ^2.0.0
    diff: ^5.0.0
    kleur: ^4.0.3
    sade: ^1.7.3
  bin:
    uvu: bin.js
  checksum: 09460a37975627de9fcad396e5078fb844d01aaf64a6399ebfcfd9e55f1c2037539b47611e8631f89be07656962af0cf48c334993db82b9ae9c3d25ce3862168
  languageName: node
  linkType: hard

"validate-npm-package-license@npm:^3.0.1, validate-npm-package-license@npm:^3.0.4":
  version: 3.0.4
  resolution: "validate-npm-package-license@npm:3.0.4"
  dependencies:
    spdx-correct: ^3.0.0
    spdx-expression-parse: ^3.0.0
  checksum: 35703ac889d419cf2aceef63daeadbe4e77227c39ab6287eeb6c1b36a746b364f50ba22e88591f5d017bc54685d8137bc2d328d0a896e4d3fd22093c0f32a9ad
  languageName: node
  linkType: hard

"yallist@npm:^4.0.0":
  version: 4.0.0
  resolution: "yallist@npm:4.0.0"
  checksum: 343617202af32df2a15a3be36a5a8c0c8545208f3d3dfbc6bb7c3e3b7e8c6f8e7485432e4f3b88da3031a6e20afa7c711eded32ddfb122896ac5d914e75848d5
  languageName: node
  linkType: hard

"yargs-parser@npm:^21.1.1":
  version: 21.1.1
  resolution: "yargs-parser@npm:21.1.1"
  checksum: ed2d96a616a9e3e1cc7d204c62ecc61f7aaab633dcbfab2c6df50f7f87b393993fe6640d017759fe112d0cb1e0119f2b4150a87305cc873fd90831c6a58ccf1c
  languageName: node
  linkType: hard

"yocto-queue@npm:^0.1.0":
  version: 0.1.0
  resolution: "yocto-queue@npm:0.1.0"
  checksum: f77b3d8d00310def622123df93d4ee654fc6a0096182af8bd60679ddcdfb3474c56c6c7190817c84a2785648cdee9d721c0154eb45698c62176c322fb46fc700
  languageName: node
  linkType: hard

"yocto-queue@npm:^1.0.0":
  version: 1.0.0
  resolution: "yocto-queue@npm:1.0.0"
  checksum: 2cac84540f65c64ccc1683c267edce396b26b1e931aa429660aefac8fbe0188167b7aee815a3c22fa59a28a58d898d1a2b1825048f834d8d629f4c2a5d443801
  languageName: node
  linkType: hard
