{
  "lockfileVersion": 2,
  "configVersion": 1,
  "workspaces": {
    "": {
      "name": "case-workspaces-basic",
    },
    "packages/a": {
      "name": "@case-ws/a",
      "version": "0.0.0",
      "dependencies": {
        "ms": "2.1.3",
      },
    },
    "packages/b": {
      "name": "@case-ws/b",
      "version": "0.0.0",
      "dependencies": {
        "ms": "2.1.3",
      },
    },
  },
  "packages": {
    "@case-ws/a": ["@case-ws/a@workspace:packages/a"],

    "@case-ws/b": ["@case-ws/b@workspace:packages/b"],

    "ms": ["ms@2.1.3", "", {}, "sha512-6FlzubTLZG3J2a/NVCAleEhjzq5oxgHyaCU9yYXvcLsvoVaHJq/s5xXI6/XXP6tz7R9xAOtHnSO/tXtF3WRTlA=="],
  }
}
