{
  "name": "react-ssr",
  "version": "1.0.0",
  "lockfileVersion": 1,
  "requires": true,
  "dependencies": {
    "fsevents": {
      "version": "1.2.12",
      "resolved": "https://registry.npmjs.org/fsevents/-/fsevents-1.2.12.tgz",
      "integrity": "sha512-Ggd/Ktt7E7I8pxZRbGIs7vwqAPscSESMrCSkx2FtWeqmheJgCo2R74fTsZFCifr0VTPwqRpPv17+6b8Zp7th0Q==",
      "dev": true,
      "optional": true,
      "dependencies": {
        "abbrev": {
          "version": "1.1.1",
          "resolved": false,
          "integrity": "sha512-nne9/IiQ/hzIhY6pdDnbBtz7DjPTKrY00P/zvPSm5pOFkl6xuGrGnXn/VtTNNfNtAfZ9/1RtehkszU9qcTii0Q==",
          "dev": true,
          "optional": true
        },
        "ansi-regex": {
          "version": "2.1.1",
          "resolved": false,
          "integrity": "sha1-w7M6te42DYbg5ijwRorn7yfWVN8=",
          "dev": true,
          "optional": true
        }
      }
    }
  }
}
